
Microsoft Visual Studio Solution File, Format Version 12.00
# Visual Studio 15
VisualStudioVersion = 15.0.26730.16
MinimumVisualStudioVersion = 10.0.40219.1
Project("{FAE04EC0-301F-11D3-BF4B-00C04F79EFBC}") = "Platform.Core", "PlatformCore\Platform.Core\Platform.Core.csproj", "{68C6FDB9-315B-4DFA-9774-409412AAF10D}"
EndProject
Project("{2150E333-8FDC-42A3-9474-1A3956D46DE8}") = "PlatformCore", "PlatformCore", "{C1F7D32A-15A5-4285-932C-046C1081DAA6}"
EndProject
Project("{FAE04EC0-301F-11D3-BF4B-00C04F79EFBC}") = "Platform.Core.CommonTypes", "PlatformCore\Platform.CommonTypes\Platform.Core.CommonTypes.csproj", "{C9F41C24-87F7-4A6B-A732-7958A1F8F822}"
EndProject
Project("{FAE04EC0-301F-11D3-BF4B-00C04F79EFBC}") = "Platform.Core.CommunicationProtocol", "PlatformCore\Platform.Core.CommunicationProtocol\Platform.Core.CommunicationProtocol.csproj", "{A3D4BD41-1DFE-455B-8017-5D225856A7FF}"
EndProject
Project("{FAE04EC0-301F-11D3-BF4B-00C04F79EFBC}") = "Platform.Core.ModuleDriverSystem", "PlatformCore\Platform.Core.ModuleDriverSystem\Platform.Core.ModuleDriverSystem.csproj", "{CC5F9C4D-19B0-489F-8B72-E90DA017B4C0}"
EndProject
Project("{FAE04EC0-301F-11D3-BF4B-00C04F79EFBC}") = "Platform.Core.Utilities", "PlatformCore\Platform.Core.Utilities\Platform.Core.Utilities.csproj", "{13ECC31D-6AE2-42AA-AED9-655A1031C6F0}"
	ProjectSection(ProjectDependencies) = postProject
		{C9F41C24-87F7-4A6B-A732-7958A1F8F822} = {C9F41C24-87F7-4A6B-A732-7958A1F8F822}
	EndProjectSection
EndProject
Project("{FAE04EC0-301F-11D3-BF4B-00C04F79EFBC}") = "XamarinAndroidTileTemplate", "Xamarin.Android.Tile\XamarinAndroidTileTemplate.csproj", "{34B46776-4231-4AAD-A2CB-F612369B40AC}"
EndProject
Project("{FAE04EC0-301F-11D3-BF4B-00C04F79EFBC}") = "XamariniOSTileTemplate", "Xamarin.iOS.Tile\XamariniOSTileTemplate.csproj", "{CC6CCA50-4C6E-4E2B-AD04-A54340F8C6E7}"
EndProject
Project("{FAE04EC0-301F-11D3-BF4B-00C04F79EFBC}") = "Platform.Tile.Shared", "Xamarin.Tile\Platform.Tile.Shared.csproj", "{F3F36665-0EE6-4CCF-90FA-906457662FD4}"
EndProject
Project("{FAE04EC0-301F-11D3-BF4B-00C04F79EFBC}") = "Platform.Core.GlobalEventsSystem", "PlatformCore\Platform.Core.ErrorSystem\Platform.Core.GlobalEventsSystem.csproj", "{E76D3EEA-05B2-423E-B34A-98B8D88B3F88}"
EndProject
Project("{FAE04EC0-301F-11D3-BF4B-00C04F79EFBC}") = "Platform.Tile.Droid", "Platform.AndroidTile\Platform.Tile.Droid.csproj", "{55AE2DB5-8F3C-4AF2-819C-396850A05222}"
EndProject
Global
	GlobalSection(SolutionConfigurationPlatforms) = preSolution
		Ad-Hoc|Any CPU = Ad-Hoc|Any CPU
		Ad-Hoc|iPhone = Ad-Hoc|iPhone
		Ad-Hoc|iPhoneSimulator = Ad-Hoc|iPhoneSimulator
		AppStore|Any CPU = AppStore|Any CPU
		AppStore|iPhone = AppStore|iPhone
		AppStore|iPhoneSimulator = AppStore|iPhoneSimulator
		Debug|Any CPU = Debug|Any CPU
		Debug|iPhone = Debug|iPhone
		Debug|iPhoneSimulator = Debug|iPhoneSimulator
		Develop|Any CPU = Develop|Any CPU
		Develop|iPhone = Develop|iPhone
		Develop|iPhoneSimulator = Develop|iPhoneSimulator
		Release|Any CPU = Release|Any CPU
		Release|iPhone = Release|iPhone
		Release|iPhoneSimulator = Release|iPhoneSimulator
	EndGlobalSection
	GlobalSection(ProjectConfigurationPlatforms) = postSolution
		{68C6FDB9-315B-4DFA-9774-409412AAF10D}.Ad-Hoc|Any CPU.ActiveCfg = Release|Any CPU
		{68C6FDB9-315B-4DFA-9774-409412AAF10D}.Ad-Hoc|Any CPU.Build.0 = Release|Any CPU
		{68C6FDB9-315B-4DFA-9774-409412AAF10D}.Ad-Hoc|iPhone.ActiveCfg = Release|Any CPU
		{68C6FDB9-315B-4DFA-9774-409412AAF10D}.Ad-Hoc|iPhone.Build.0 = Release|Any CPU
		{68C6FDB9-315B-4DFA-9774-409412AAF10D}.Ad-Hoc|iPhoneSimulator.ActiveCfg = Release|Any CPU
		{68C6FDB9-315B-4DFA-9774-409412AAF10D}.Ad-Hoc|iPhoneSimulator.Build.0 = Release|Any CPU
		{68C6FDB9-315B-4DFA-9774-409412AAF10D}.AppStore|Any CPU.ActiveCfg = Release|Any CPU
		{68C6FDB9-315B-4DFA-9774-409412AAF10D}.AppStore|Any CPU.Build.0 = Release|Any CPU
		{68C6FDB9-315B-4DFA-9774-409412AAF10D}.AppStore|iPhone.ActiveCfg = Release|Any CPU
		{68C6FDB9-315B-4DFA-9774-409412AAF10D}.AppStore|iPhone.Build.0 = Release|Any CPU
		{68C6FDB9-315B-4DFA-9774-409412AAF10D}.AppStore|iPhoneSimulator.ActiveCfg = Release|Any CPU
		{68C6FDB9-315B-4DFA-9774-409412AAF10D}.AppStore|iPhoneSimulator.Build.0 = Release|Any CPU
		{68C6FDB9-315B-4DFA-9774-409412AAF10D}.Debug|Any CPU.ActiveCfg = Debug|Any CPU
		{68C6FDB9-315B-4DFA-9774-409412AAF10D}.Debug|Any CPU.Build.0 = Debug|Any CPU
		{68C6FDB9-315B-4DFA-9774-409412AAF10D}.Debug|iPhone.ActiveCfg = Debug|Any CPU
		{68C6FDB9-315B-4DFA-9774-409412AAF10D}.Debug|iPhone.Build.0 = Debug|Any CPU
		{68C6FDB9-315B-4DFA-9774-409412AAF10D}.Debug|iPhoneSimulator.ActiveCfg = Debug|Any CPU
		{68C6FDB9-315B-4DFA-9774-409412AAF10D}.Debug|iPhoneSimulator.Build.0 = Debug|Any CPU
		{68C6FDB9-315B-4DFA-9774-409412AAF10D}.Develop|Any CPU.ActiveCfg = Develop|Any CPU
		{68C6FDB9-315B-4DFA-9774-409412AAF10D}.Develop|Any CPU.Build.0 = Develop|Any CPU
		{68C6FDB9-315B-4DFA-9774-409412AAF10D}.Develop|iPhone.ActiveCfg = Develop|Any CPU
		{68C6FDB9-315B-4DFA-9774-409412AAF10D}.Develop|iPhone.Build.0 = Develop|Any CPU
		{68C6FDB9-315B-4DFA-9774-409412AAF10D}.Develop|iPhoneSimulator.ActiveCfg = Develop|Any CPU
		{68C6FDB9-315B-4DFA-9774-409412AAF10D}.Develop|iPhoneSimulator.Build.0 = Develop|Any CPU
		{68C6FDB9-315B-4DFA-9774-409412AAF10D}.Release|Any CPU.ActiveCfg = Release|Any CPU
		{68C6FDB9-315B-4DFA-9774-409412AAF10D}.Release|Any CPU.Build.0 = Release|Any CPU
		{68C6FDB9-315B-4DFA-9774-409412AAF10D}.Release|iPhone.ActiveCfg = Release|Any CPU
		{68C6FDB9-315B-4DFA-9774-409412AAF10D}.Release|iPhone.Build.0 = Release|Any CPU
		{68C6FDB9-315B-4DFA-9774-409412AAF10D}.Release|iPhoneSimulator.ActiveCfg = Release|Any CPU
		{68C6FDB9-315B-4DFA-9774-409412AAF10D}.Release|iPhoneSimulator.Build.0 = Release|Any CPU
		{C9F41C24-87F7-4A6B-A732-7958A1F8F822}.Ad-Hoc|Any CPU.ActiveCfg = Release|Any CPU
		{C9F41C24-87F7-4A6B-A732-7958A1F8F822}.Ad-Hoc|Any CPU.Build.0 = Release|Any CPU
		{C9F41C24-87F7-4A6B-A732-7958A1F8F822}.Ad-Hoc|iPhone.ActiveCfg = Release|Any CPU
		{C9F41C24-87F7-4A6B-A732-7958A1F8F822}.Ad-Hoc|iPhone.Build.0 = Release|Any CPU
		{C9F41C24-87F7-4A6B-A732-7958A1F8F822}.Ad-Hoc|iPhoneSimulator.ActiveCfg = Release|Any CPU
		{C9F41C24-87F7-4A6B-A732-7958A1F8F822}.Ad-Hoc|iPhoneSimulator.Build.0 = Release|Any CPU
		{C9F41C24-87F7-4A6B-A732-7958A1F8F822}.AppStore|Any CPU.ActiveCfg = Release|Any CPU
		{C9F41C24-87F7-4A6B-A732-7958A1F8F822}.AppStore|Any CPU.Build.0 = Release|Any CPU
		{C9F41C24-87F7-4A6B-A732-7958A1F8F822}.AppStore|iPhone.ActiveCfg = Release|Any CPU
		{C9F41C24-87F7-4A6B-A732-7958A1F8F822}.AppStore|iPhone.Build.0 = Release|Any CPU
		{C9F41C24-87F7-4A6B-A732-7958A1F8F822}.AppStore|iPhoneSimulator.ActiveCfg = Release|Any CPU
		{C9F41C24-87F7-4A6B-A732-7958A1F8F822}.AppStore|iPhoneSimulator.Build.0 = Release|Any CPU
		{C9F41C24-87F7-4A6B-A732-7958A1F8F822}.Debug|Any CPU.ActiveCfg = Debug|Any CPU
		{C9F41C24-87F7-4A6B-A732-7958A1F8F822}.Debug|Any CPU.Build.0 = Debug|Any CPU
		{C9F41C24-87F7-4A6B-A732-7958A1F8F822}.Debug|iPhone.ActiveCfg = Debug|Any CPU
		{C9F41C24-87F7-4A6B-A732-7958A1F8F822}.Debug|iPhone.Build.0 = Debug|Any CPU
		{C9F41C24-87F7-4A6B-A732-7958A1F8F822}.Debug|iPhoneSimulator.ActiveCfg = Debug|Any CPU
		{C9F41C24-87F7-4A6B-A732-7958A1F8F822}.Debug|iPhoneSimulator.Build.0 = Debug|Any CPU
		{C9F41C24-87F7-4A6B-A732-7958A1F8F822}.Develop|Any CPU.ActiveCfg = Develop|Any CPU
		{C9F41C24-87F7-4A6B-A732-7958A1F8F822}.Develop|Any CPU.Build.0 = Develop|Any CPU
		{C9F41C24-87F7-4A6B-A732-7958A1F8F822}.Develop|iPhone.ActiveCfg = Develop|Any CPU
		{C9F41C24-87F7-4A6B-A732-7958A1F8F822}.Develop|iPhone.Build.0 = Develop|Any CPU
		{C9F41C24-87F7-4A6B-A732-7958A1F8F822}.Develop|iPhoneSimulator.ActiveCfg = Develop|Any CPU
		{C9F41C24-87F7-4A6B-A732-7958A1F8F822}.Develop|iPhoneSimulator.Build.0 = Develop|Any CPU
		{C9F41C24-87F7-4A6B-A732-7958A1F8F822}.Release|Any CPU.ActiveCfg = Release|Any CPU
		{C9F41C24-87F7-4A6B-A732-7958A1F8F822}.Release|Any CPU.Build.0 = Release|Any CPU
		{C9F41C24-87F7-4A6B-A732-7958A1F8F822}.Release|iPhone.ActiveCfg = Release|Any CPU
		{C9F41C24-87F7-4A6B-A732-7958A1F8F822}.Release|iPhone.Build.0 = Release|Any CPU
		{C9F41C24-87F7-4A6B-A732-7958A1F8F822}.Release|iPhoneSimulator.ActiveCfg = Release|Any CPU
		{C9F41C24-87F7-4A6B-A732-7958A1F8F822}.Release|iPhoneSimulator.Build.0 = Release|Any CPU
		{A3D4BD41-1DFE-455B-8017-5D225856A7FF}.Ad-Hoc|Any CPU.ActiveCfg = Release|Any CPU
		{A3D4BD41-1DFE-455B-8017-5D225856A7FF}.Ad-Hoc|Any CPU.Build.0 = Release|Any CPU
		{A3D4BD41-1DFE-455B-8017-5D225856A7FF}.Ad-Hoc|iPhone.ActiveCfg = Release|Any CPU
		{A3D4BD41-1DFE-455B-8017-5D225856A7FF}.Ad-Hoc|iPhone.Build.0 = Release|Any CPU
		{A3D4BD41-1DFE-455B-8017-5D225856A7FF}.Ad-Hoc|iPhoneSimulator.ActiveCfg = Release|Any CPU
		{A3D4BD41-1DFE-455B-8017-5D225856A7FF}.Ad-Hoc|iPhoneSimulator.Build.0 = Release|Any CPU
		{A3D4BD41-1DFE-455B-8017-5D225856A7FF}.AppStore|Any CPU.ActiveCfg = Release|Any CPU
		{A3D4BD41-1DFE-455B-8017-5D225856A7FF}.AppStore|Any CPU.Build.0 = Release|Any CPU
		{A3D4BD41-1DFE-455B-8017-5D225856A7FF}.AppStore|iPhone.ActiveCfg = Release|Any CPU
		{A3D4BD41-1DFE-455B-8017-5D225856A7FF}.AppStore|iPhone.Build.0 = Release|Any CPU
		{A3D4BD41-1DFE-455B-8017-5D225856A7FF}.AppStore|iPhoneSimulator.ActiveCfg = Release|Any CPU
		{A3D4BD41-1DFE-455B-8017-5D225856A7FF}.AppStore|iPhoneSimulator.Build.0 = Release|Any CPU
		{A3D4BD41-1DFE-455B-8017-5D225856A7FF}.Debug|Any CPU.ActiveCfg = Debug|Any CPU
		{A3D4BD41-1DFE-455B-8017-5D225856A7FF}.Debug|Any CPU.Build.0 = Debug|Any CPU
		{A3D4BD41-1DFE-455B-8017-5D225856A7FF}.Debug|iPhone.ActiveCfg = Debug|Any CPU
		{A3D4BD41-1DFE-455B-8017-5D225856A7FF}.Debug|iPhone.Build.0 = Debug|Any CPU
		{A3D4BD41-1DFE-455B-8017-5D225856A7FF}.Debug|iPhoneSimulator.ActiveCfg = Debug|Any CPU
		{A3D4BD41-1DFE-455B-8017-5D225856A7FF}.Debug|iPhoneSimulator.Build.0 = Debug|Any CPU
		{A3D4BD41-1DFE-455B-8017-5D225856A7FF}.Develop|Any CPU.ActiveCfg = Develop|Any CPU
		{A3D4BD41-1DFE-455B-8017-5D225856A7FF}.Develop|Any CPU.Build.0 = Develop|Any CPU
		{A3D4BD41-1DFE-455B-8017-5D225856A7FF}.Develop|iPhone.ActiveCfg = Develop|Any CPU
		{A3D4BD41-1DFE-455B-8017-5D225856A7FF}.Develop|iPhone.Build.0 = Develop|Any CPU
		{A3D4BD41-1DFE-455B-8017-5D225856A7FF}.Develop|iPhoneSimulator.ActiveCfg = Develop|Any CPU
		{A3D4BD41-1DFE-455B-8017-5D225856A7FF}.Develop|iPhoneSimulator.Build.0 = Develop|Any CPU
		{A3D4BD41-1DFE-455B-8017-5D225856A7FF}.Release|Any CPU.ActiveCfg = Release|Any CPU
		{A3D4BD41-1DFE-455B-8017-5D225856A7FF}.Release|Any CPU.Build.0 = Release|Any CPU
		{A3D4BD41-1DFE-455B-8017-5D225856A7FF}.Release|iPhone.ActiveCfg = Release|Any CPU
		{A3D4BD41-1DFE-455B-8017-5D225856A7FF}.Release|iPhone.Build.0 = Release|Any CPU
		{A3D4BD41-1DFE-455B-8017-5D225856A7FF}.Release|iPhoneSimulator.ActiveCfg = Release|Any CPU
		{A3D4BD41-1DFE-455B-8017-5D225856A7FF}.Release|iPhoneSimulator.Build.0 = Release|Any CPU
		{CC5F9C4D-19B0-489F-8B72-E90DA017B4C0}.Ad-Hoc|Any CPU.ActiveCfg = Release|Any CPU
		{CC5F9C4D-19B0-489F-8B72-E90DA017B4C0}.Ad-Hoc|Any CPU.Build.0 = Release|Any CPU
		{CC5F9C4D-19B0-489F-8B72-E90DA017B4C0}.Ad-Hoc|iPhone.ActiveCfg = Release|Any CPU
		{CC5F9C4D-19B0-489F-8B72-E90DA017B4C0}.Ad-Hoc|iPhone.Build.0 = Release|Any CPU
		{CC5F9C4D-19B0-489F-8B72-E90DA017B4C0}.Ad-Hoc|iPhoneSimulator.ActiveCfg = Release|Any CPU
		{CC5F9C4D-19B0-489F-8B72-E90DA017B4C0}.Ad-Hoc|iPhoneSimulator.Build.0 = Release|Any CPU
		{CC5F9C4D-19B0-489F-8B72-E90DA017B4C0}.AppStore|Any CPU.ActiveCfg = Release|Any CPU
		{CC5F9C4D-19B0-489F-8B72-E90DA017B4C0}.AppStore|Any CPU.Build.0 = Release|Any CPU
		{CC5F9C4D-19B0-489F-8B72-E90DA017B4C0}.AppStore|iPhone.ActiveCfg = Release|Any CPU
		{CC5F9C4D-19B0-489F-8B72-E90DA017B4C0}.AppStore|iPhone.Build.0 = Release|Any CPU
		{CC5F9C4D-19B0-489F-8B72-E90DA017B4C0}.AppStore|iPhoneSimulator.ActiveCfg = Release|Any CPU
		{CC5F9C4D-19B0-489F-8B72-E90DA017B4C0}.AppStore|iPhoneSimulator.Build.0 = Release|Any CPU
		{CC5F9C4D-19B0-489F-8B72-E90DA017B4C0}.Debug|Any CPU.ActiveCfg = Debug|Any CPU
		{CC5F9C4D-19B0-489F-8B72-E90DA017B4C0}.Debug|Any CPU.Build.0 = Debug|Any CPU
		{CC5F9C4D-19B0-489F-8B72-E90DA017B4C0}.Debug|iPhone.ActiveCfg = Debug|Any CPU
		{CC5F9C4D-19B0-489F-8B72-E90DA017B4C0}.Debug|iPhone.Build.0 = Debug|Any CPU
		{CC5F9C4D-19B0-489F-8B72-E90DA017B4C0}.Debug|iPhoneSimulator.ActiveCfg = Debug|Any CPU
		{CC5F9C4D-19B0-489F-8B72-E90DA017B4C0}.Debug|iPhoneSimulator.Build.0 = Debug|Any CPU
		{CC5F9C4D-19B0-489F-8B72-E90DA017B4C0}.Develop|Any CPU.ActiveCfg = Develop|Any CPU
		{CC5F9C4D-19B0-489F-8B72-E90DA017B4C0}.Develop|Any CPU.Build.0 = Develop|Any CPU
		{CC5F9C4D-19B0-489F-8B72-E90DA017B4C0}.Develop|iPhone.ActiveCfg = Develop|Any CPU
		{CC5F9C4D-19B0-489F-8B72-E90DA017B4C0}.Develop|iPhone.Build.0 = Develop|Any CPU
		{CC5F9C4D-19B0-489F-8B72-E90DA017B4C0}.Develop|iPhoneSimulator.ActiveCfg = Develop|Any CPU
		{CC5F9C4D-19B0-489F-8B72-E90DA017B4C0}.Develop|iPhoneSimulator.Build.0 = Develop|Any CPU
		{CC5F9C4D-19B0-489F-8B72-E90DA017B4C0}.Release|Any CPU.ActiveCfg = Release|Any CPU
		{CC5F9C4D-19B0-489F-8B72-E90DA017B4C0}.Release|Any CPU.Build.0 = Release|Any CPU
		{CC5F9C4D-19B0-489F-8B72-E90DA017B4C0}.Release|iPhone.ActiveCfg = Release|Any CPU
		{CC5F9C4D-19B0-489F-8B72-E90DA017B4C0}.Release|iPhone.Build.0 = Release|Any CPU
		{CC5F9C4D-19B0-489F-8B72-E90DA017B4C0}.Release|iPhoneSimulator.ActiveCfg = Release|Any CPU
		{CC5F9C4D-19B0-489F-8B72-E90DA017B4C0}.Release|iPhoneSimulator.Build.0 = Release|Any CPU
		{13ECC31D-6AE2-42AA-AED9-655A1031C6F0}.Ad-Hoc|Any CPU.ActiveCfg = Release|Any CPU
		{13ECC31D-6AE2-42AA-AED9-655A1031C6F0}.Ad-Hoc|Any CPU.Build.0 = Release|Any CPU
		{13ECC31D-6AE2-42AA-AED9-655A1031C6F0}.Ad-Hoc|iPhone.ActiveCfg = Release|Any CPU
		{13ECC31D-6AE2-42AA-AED9-655A1031C6F0}.Ad-Hoc|iPhone.Build.0 = Release|Any CPU
		{13ECC31D-6AE2-42AA-AED9-655A1031C6F0}.Ad-Hoc|iPhoneSimulator.ActiveCfg = Release|Any CPU
		{13ECC31D-6AE2-42AA-AED9-655A1031C6F0}.Ad-Hoc|iPhoneSimulator.Build.0 = Release|Any CPU
		{13ECC31D-6AE2-42AA-AED9-655A1031C6F0}.AppStore|Any CPU.ActiveCfg = Release|Any CPU
		{13ECC31D-6AE2-42AA-AED9-655A1031C6F0}.AppStore|Any CPU.Build.0 = Release|Any CPU
		{13ECC31D-6AE2-42AA-AED9-655A1031C6F0}.AppStore|iPhone.ActiveCfg = Release|Any CPU
		{13ECC31D-6AE2-42AA-AED9-655A1031C6F0}.AppStore|iPhone.Build.0 = Release|Any CPU
		{13ECC31D-6AE2-42AA-AED9-655A1031C6F0}.AppStore|iPhoneSimulator.ActiveCfg = Release|Any CPU
		{13ECC31D-6AE2-42AA-AED9-655A1031C6F0}.AppStore|iPhoneSimulator.Build.0 = Release|Any CPU
		{13ECC31D-6AE2-42AA-AED9-655A1031C6F0}.Debug|Any CPU.ActiveCfg = Debug|Any CPU
		{13ECC31D-6AE2-42AA-AED9-655A1031C6F0}.Debug|Any CPU.Build.0 = Debug|Any CPU
		{13ECC31D-6AE2-42AA-AED9-655A1031C6F0}.Debug|iPhone.ActiveCfg = Debug|Any CPU
		{13ECC31D-6AE2-42AA-AED9-655A1031C6F0}.Debug|iPhone.Build.0 = Debug|Any CPU
		{13ECC31D-6AE2-42AA-AED9-655A1031C6F0}.Debug|iPhoneSimulator.ActiveCfg = Debug|Any CPU
		{13ECC31D-6AE2-42AA-AED9-655A1031C6F0}.Debug|iPhoneSimulator.Build.0 = Debug|Any CPU
		{13ECC31D-6AE2-42AA-AED9-655A1031C6F0}.Develop|Any CPU.ActiveCfg = Develop|Any CPU
		{13ECC31D-6AE2-42AA-AED9-655A1031C6F0}.Develop|Any CPU.Build.0 = Develop|Any CPU
		{13ECC31D-6AE2-42AA-AED9-655A1031C6F0}.Develop|iPhone.ActiveCfg = Develop|Any CPU
		{13ECC31D-6AE2-42AA-AED9-655A1031C6F0}.Develop|iPhone.Build.0 = Develop|Any CPU
		{13ECC31D-6AE2-42AA-AED9-655A1031C6F0}.Develop|iPhoneSimulator.ActiveCfg = Develop|Any CPU
		{13ECC31D-6AE2-42AA-AED9-655A1031C6F0}.Develop|iPhoneSimulator.Build.0 = Develop|Any CPU
		{13ECC31D-6AE2-42AA-AED9-655A1031C6F0}.Release|Any CPU.ActiveCfg = Release|Any CPU
		{13ECC31D-6AE2-42AA-AED9-655A1031C6F0}.Release|Any CPU.Build.0 = Release|Any CPU
		{13ECC31D-6AE2-42AA-AED9-655A1031C6F0}.Release|iPhone.ActiveCfg = Release|Any CPU
		{13ECC31D-6AE2-42AA-AED9-655A1031C6F0}.Release|iPhone.Build.0 = Release|Any CPU
		{13ECC31D-6AE2-42AA-AED9-655A1031C6F0}.Release|iPhoneSimulator.ActiveCfg = Release|Any CPU
		{13ECC31D-6AE2-42AA-AED9-655A1031C6F0}.Release|iPhoneSimulator.Build.0 = Release|Any CPU
		{34B46776-4231-4AAD-A2CB-F612369B40AC}.Ad-Hoc|Any CPU.ActiveCfg = Release|Any CPU
		{34B46776-4231-4AAD-A2CB-F612369B40AC}.Ad-Hoc|Any CPU.Build.0 = Release|Any CPU
		{34B46776-4231-4AAD-A2CB-F612369B40AC}.Ad-Hoc|Any CPU.Deploy.0 = Release|Any CPU
		{34B46776-4231-4AAD-A2CB-F612369B40AC}.Ad-Hoc|iPhone.ActiveCfg = Release|Any CPU
		{34B46776-4231-4AAD-A2CB-F612369B40AC}.Ad-Hoc|iPhone.Build.0 = Release|Any CPU
		{34B46776-4231-4AAD-A2CB-F612369B40AC}.Ad-Hoc|iPhone.Deploy.0 = Release|Any CPU
		{34B46776-4231-4AAD-A2CB-F612369B40AC}.Ad-Hoc|iPhoneSimulator.ActiveCfg = Release|Any CPU
		{34B46776-4231-4AAD-A2CB-F612369B40AC}.Ad-Hoc|iPhoneSimulator.Build.0 = Release|Any CPU
		{34B46776-4231-4AAD-A2CB-F612369B40AC}.Ad-Hoc|iPhoneSimulator.Deploy.0 = Release|Any CPU
		{34B46776-4231-4AAD-A2CB-F612369B40AC}.AppStore|Any CPU.ActiveCfg = Release|Any CPU
		{34B46776-4231-4AAD-A2CB-F612369B40AC}.AppStore|Any CPU.Build.0 = Release|Any CPU
		{34B46776-4231-4AAD-A2CB-F612369B40AC}.AppStore|Any CPU.Deploy.0 = Release|Any CPU
		{34B46776-4231-4AAD-A2CB-F612369B40AC}.AppStore|iPhone.ActiveCfg = Release|Any CPU
		{34B46776-4231-4AAD-A2CB-F612369B40AC}.AppStore|iPhone.Build.0 = Release|Any CPU
		{34B46776-4231-4AAD-A2CB-F612369B40AC}.AppStore|iPhone.Deploy.0 = Release|Any CPU
		{34B46776-4231-4AAD-A2CB-F612369B40AC}.AppStore|iPhoneSimulator.ActiveCfg = Release|Any CPU
		{34B46776-4231-4AAD-A2CB-F612369B40AC}.AppStore|iPhoneSimulator.Build.0 = Release|Any CPU
		{34B46776-4231-4AAD-A2CB-F612369B40AC}.AppStore|iPhoneSimulator.Deploy.0 = Release|Any CPU
		{34B46776-4231-4AAD-A2CB-F612369B40AC}.Debug|Any CPU.ActiveCfg = Debug|Any CPU
		{34B46776-4231-4AAD-A2CB-F612369B40AC}.Debug|Any CPU.Build.0 = Debug|Any CPU
		{34B46776-4231-4AAD-A2CB-F612369B40AC}.Debug|Any CPU.Deploy.0 = Debug|Any CPU
		{34B46776-4231-4AAD-A2CB-F612369B40AC}.Debug|iPhone.ActiveCfg = Debug|Any CPU
		{34B46776-4231-4AAD-A2CB-F612369B40AC}.Debug|iPhoneSimulator.ActiveCfg = Debug|Any CPU
		{34B46776-4231-4AAD-A2CB-F612369B40AC}.Debug|iPhoneSimulator.Build.0 = Debug|Any CPU
		{34B46776-4231-4AAD-A2CB-F612369B40AC}.Debug|iPhoneSimulator.Deploy.0 = Debug|Any CPU
		{34B46776-4231-4AAD-A2CB-F612369B40AC}.Develop|Any CPU.ActiveCfg = Debug|Any CPU
		{34B46776-4231-4AAD-A2CB-F612369B40AC}.Develop|Any CPU.Build.0 = Debug|Any CPU
		{34B46776-4231-4AAD-A2CB-F612369B40AC}.Develop|Any CPU.Deploy.0 = Debug|Any CPU
		{34B46776-4231-4AAD-A2CB-F612369B40AC}.Develop|iPhone.ActiveCfg = Debug|Any CPU
		{34B46776-4231-4AAD-A2CB-F612369B40AC}.Develop|iPhone.Build.0 = Debug|Any CPU
		{34B46776-4231-4AAD-A2CB-F612369B40AC}.Develop|iPhone.Deploy.0 = Debug|Any CPU
		{34B46776-4231-4AAD-A2CB-F612369B40AC}.Develop|iPhoneSimulator.ActiveCfg = Debug|Any CPU
		{34B46776-4231-4AAD-A2CB-F612369B40AC}.Develop|iPhoneSimulator.Build.0 = Debug|Any CPU
		{34B46776-4231-4AAD-A2CB-F612369B40AC}.Develop|iPhoneSimulator.Deploy.0 = Debug|Any CPU
		{34B46776-4231-4AAD-A2CB-F612369B40AC}.Release|Any CPU.ActiveCfg = Release|Any CPU
		{34B46776-4231-4AAD-A2CB-F612369B40AC}.Release|Any CPU.Build.0 = Release|Any CPU
		{34B46776-4231-4AAD-A2CB-F612369B40AC}.Release|Any CPU.Deploy.0 = Release|Any CPU
		{34B46776-4231-4AAD-A2CB-F612369B40AC}.Release|iPhone.ActiveCfg = Release|Any CPU
		{34B46776-4231-4AAD-A2CB-F612369B40AC}.Release|iPhone.Build.0 = Release|Any CPU
		{34B46776-4231-4AAD-A2CB-F612369B40AC}.Release|iPhone.Deploy.0 = Release|Any CPU
		{34B46776-4231-4AAD-A2CB-F612369B40AC}.Release|iPhoneSimulator.ActiveCfg = Release|Any CPU
		{34B46776-4231-4AAD-A2CB-F612369B40AC}.Release|iPhoneSimulator.Build.0 = Release|Any CPU
		{34B46776-4231-4AAD-A2CB-F612369B40AC}.Release|iPhoneSimulator.Deploy.0 = Release|Any CPU
		{CC6CCA50-4C6E-4E2B-AD04-A54340F8C6E7}.Ad-Hoc|Any CPU.ActiveCfg = Ad-Hoc|iPhone
		{CC6CCA50-4C6E-4E2B-AD04-A54340F8C6E7}.Ad-Hoc|iPhone.ActiveCfg = Ad-Hoc|iPhone
		{CC6CCA50-4C6E-4E2B-AD04-A54340F8C6E7}.Ad-Hoc|iPhone.Build.0 = Ad-Hoc|iPhone
		{CC6CCA50-4C6E-4E2B-AD04-A54340F8C6E7}.Ad-Hoc|iPhoneSimulator.ActiveCfg = Ad-Hoc|iPhoneSimulator
		{CC6CCA50-4C6E-4E2B-AD04-A54340F8C6E7}.Ad-Hoc|iPhoneSimulator.Build.0 = Ad-Hoc|iPhoneSimulator
		{CC6CCA50-4C6E-4E2B-AD04-A54340F8C6E7}.AppStore|Any CPU.ActiveCfg = AppStore|iPhone
		{CC6CCA50-4C6E-4E2B-AD04-A54340F8C6E7}.AppStore|iPhone.ActiveCfg = AppStore|iPhone
		{CC6CCA50-4C6E-4E2B-AD04-A54340F8C6E7}.AppStore|iPhone.Build.0 = AppStore|iPhone
		{CC6CCA50-4C6E-4E2B-AD04-A54340F8C6E7}.AppStore|iPhoneSimulator.ActiveCfg = AppStore|iPhoneSimulator
		{CC6CCA50-4C6E-4E2B-AD04-A54340F8C6E7}.AppStore|iPhoneSimulator.Build.0 = AppStore|iPhoneSimulator
		{CC6CCA50-4C6E-4E2B-AD04-A54340F8C6E7}.Debug|Any CPU.ActiveCfg = Debug|iPhone
		{CC6CCA50-4C6E-4E2B-AD04-A54340F8C6E7}.Debug|iPhone.ActiveCfg = Debug|iPhone
		{CC6CCA50-4C6E-4E2B-AD04-A54340F8C6E7}.Debug|iPhone.Build.0 = Debug|iPhone
		{CC6CCA50-4C6E-4E2B-AD04-A54340F8C6E7}.Debug|iPhoneSimulator.ActiveCfg = Debug|iPhoneSimulator
		{CC6CCA50-4C6E-4E2B-AD04-A54340F8C6E7}.Debug|iPhoneSimulator.Build.0 = Debug|iPhoneSimulator
		{CC6CCA50-4C6E-4E2B-AD04-A54340F8C6E7}.Develop|Any CPU.ActiveCfg = AppStore|iPhone
		{CC6CCA50-4C6E-4E2B-AD04-A54340F8C6E7}.Develop|Any CPU.Build.0 = AppStore|iPhone
		{CC6CCA50-4C6E-4E2B-AD04-A54340F8C6E7}.Develop|iPhone.ActiveCfg = Debug|iPhone
		{CC6CCA50-4C6E-4E2B-AD04-A54340F8C6E7}.Develop|iPhone.Build.0 = Debug|iPhone
		{CC6CCA50-4C6E-4E2B-AD04-A54340F8C6E7}.Develop|iPhoneSimulator.ActiveCfg = Debug|iPhoneSimulator
		{CC6CCA50-4C6E-4E2B-AD04-A54340F8C6E7}.Develop|iPhoneSimulator.Build.0 = Debug|iPhoneSimulator
		{CC6CCA50-4C6E-4E2B-AD04-A54340F8C6E7}.Release|Any CPU.ActiveCfg = Release|iPhone
		{CC6CCA50-4C6E-4E2B-AD04-A54340F8C6E7}.Release|iPhone.ActiveCfg = Release|iPhone
		{CC6CCA50-4C6E-4E2B-AD04-A54340F8C6E7}.Release|iPhone.Build.0 = Release|iPhone
		{CC6CCA50-4C6E-4E2B-AD04-A54340F8C6E7}.Release|iPhoneSimulator.ActiveCfg = Release|iPhoneSimulator
		{CC6CCA50-4C6E-4E2B-AD04-A54340F8C6E7}.Release|iPhoneSimulator.Build.0 = Release|iPhoneSimulator
		{F3F36665-0EE6-4CCF-90FA-906457662FD4}.Ad-Hoc|Any CPU.ActiveCfg = Release|Any CPU
		{F3F36665-0EE6-4CCF-90FA-906457662FD4}.Ad-Hoc|Any CPU.Build.0 = Release|Any CPU
		{F3F36665-0EE6-4CCF-90FA-906457662FD4}.Ad-Hoc|iPhone.ActiveCfg = Release|Any CPU
		{F3F36665-0EE6-4CCF-90FA-906457662FD4}.Ad-Hoc|iPhone.Build.0 = Release|Any CPU
		{F3F36665-0EE6-4CCF-90FA-906457662FD4}.Ad-Hoc|iPhoneSimulator.ActiveCfg = Release|Any CPU
		{F3F36665-0EE6-4CCF-90FA-906457662FD4}.Ad-Hoc|iPhoneSimulator.Build.0 = Release|Any CPU
		{F3F36665-0EE6-4CCF-90FA-906457662FD4}.AppStore|Any CPU.ActiveCfg = Release|Any CPU
		{F3F36665-0EE6-4CCF-90FA-906457662FD4}.AppStore|Any CPU.Build.0 = Release|Any CPU
		{F3F36665-0EE6-4CCF-90FA-906457662FD4}.AppStore|iPhone.ActiveCfg = Release|Any CPU
		{F3F36665-0EE6-4CCF-90FA-906457662FD4}.AppStore|iPhone.Build.0 = Release|Any CPU
		{F3F36665-0EE6-4CCF-90FA-906457662FD4}.AppStore|iPhoneSimulator.ActiveCfg = Release|Any CPU
		{F3F36665-0EE6-4CCF-90FA-906457662FD4}.AppStore|iPhoneSimulator.Build.0 = Release|Any CPU
		{F3F36665-0EE6-4CCF-90FA-906457662FD4}.Debug|Any CPU.ActiveCfg = Debug|Any CPU
		{F3F36665-0EE6-4CCF-90FA-906457662FD4}.Debug|Any CPU.Build.0 = Debug|Any CPU
		{F3F36665-0EE6-4CCF-90FA-906457662FD4}.Debug|iPhone.ActiveCfg = Debug|Any CPU
		{F3F36665-0EE6-4CCF-90FA-906457662FD4}.Debug|iPhone.Build.0 = Debug|Any CPU
		{F3F36665-0EE6-4CCF-90FA-906457662FD4}.Debug|iPhoneSimulator.ActiveCfg = Debug|Any CPU
		{F3F36665-0EE6-4CCF-90FA-906457662FD4}.Debug|iPhoneSimulator.Build.0 = Debug|Any CPU
		{F3F36665-0EE6-4CCF-90FA-906457662FD4}.Develop|Any CPU.ActiveCfg = Debug|Any CPU
		{F3F36665-0EE6-4CCF-90FA-906457662FD4}.Develop|Any CPU.Build.0 = Debug|Any CPU
		{F3F36665-0EE6-4CCF-90FA-906457662FD4}.Develop|iPhone.ActiveCfg = Debug|Any CPU
		{F3F36665-0EE6-4CCF-90FA-906457662FD4}.Develop|iPhone.Build.0 = Debug|Any CPU
		{F3F36665-0EE6-4CCF-90FA-906457662FD4}.Develop|iPhoneSimulator.ActiveCfg = Debug|Any CPU
		{F3F36665-0EE6-4CCF-90FA-906457662FD4}.Develop|iPhoneSimulator.Build.0 = Debug|Any CPU
		{F3F36665-0EE6-4CCF-90FA-906457662FD4}.Release|Any CPU.ActiveCfg = Release|Any CPU
		{F3F36665-0EE6-4CCF-90FA-906457662FD4}.Release|Any CPU.Build.0 = Release|Any CPU
		{F3F36665-0EE6-4CCF-90FA-906457662FD4}.Release|iPhone.ActiveCfg = Release|Any CPU
		{F3F36665-0EE6-4CCF-90FA-906457662FD4}.Release|iPhone.Build.0 = Release|Any CPU
		{F3F36665-0EE6-4CCF-90FA-906457662FD4}.Release|iPhoneSimulator.ActiveCfg = Release|Any CPU
		{F3F36665-0EE6-4CCF-90FA-906457662FD4}.Release|iPhoneSimulator.Build.0 = Release|Any CPU
		{E76D3EEA-05B2-423E-B34A-98B8D88B3F88}.Ad-Hoc|Any CPU.ActiveCfg = Develop|Any CPU
		{E76D3EEA-05B2-423E-B34A-98B8D88B3F88}.Ad-Hoc|Any CPU.Build.0 = Develop|Any CPU
		{E76D3EEA-05B2-423E-B34A-98B8D88B3F88}.Ad-Hoc|iPhone.ActiveCfg = Develop|Any CPU
		{E76D3EEA-05B2-423E-B34A-98B8D88B3F88}.Ad-Hoc|iPhone.Build.0 = Develop|Any CPU
		{E76D3EEA-05B2-423E-B34A-98B8D88B3F88}.Ad-Hoc|iPhoneSimulator.ActiveCfg = Develop|Any CPU
		{E76D3EEA-05B2-423E-B34A-98B8D88B3F88}.Ad-Hoc|iPhoneSimulator.Build.0 = Develop|Any CPU
		{E76D3EEA-05B2-423E-B34A-98B8D88B3F88}.AppStore|Any CPU.ActiveCfg = Develop|Any CPU
		{E76D3EEA-05B2-423E-B34A-98B8D88B3F88}.AppStore|Any CPU.Build.0 = Develop|Any CPU
		{E76D3EEA-05B2-423E-B34A-98B8D88B3F88}.AppStore|iPhone.ActiveCfg = Develop|Any CPU
		{E76D3EEA-05B2-423E-B34A-98B8D88B3F88}.AppStore|iPhone.Build.0 = Develop|Any CPU
		{E76D3EEA-05B2-423E-B34A-98B8D88B3F88}.AppStore|iPhoneSimulator.ActiveCfg = Develop|Any CPU
		{E76D3EEA-05B2-423E-B34A-98B8D88B3F88}.AppStore|iPhoneSimulator.Build.0 = Develop|Any CPU
		{E76D3EEA-05B2-423E-B34A-98B8D88B3F88}.Debug|Any CPU.ActiveCfg = Debug|Any CPU
		{E76D3EEA-05B2-423E-B34A-98B8D88B3F88}.Debug|Any CPU.Build.0 = Debug|Any CPU
		{E76D3EEA-05B2-423E-B34A-98B8D88B3F88}.Debug|iPhone.ActiveCfg = Debug|Any CPU
		{E76D3EEA-05B2-423E-B34A-98B8D88B3F88}.Debug|iPhone.Build.0 = Debug|Any CPU
		{E76D3EEA-05B2-423E-B34A-98B8D88B3F88}.Debug|iPhoneSimulator.ActiveCfg = Debug|Any CPU
		{E76D3EEA-05B2-423E-B34A-98B8D88B3F88}.Debug|iPhoneSimulator.Build.0 = Debug|Any CPU
		{E76D3EEA-05B2-423E-B34A-98B8D88B3F88}.Develop|Any CPU.ActiveCfg = Develop|Any CPU
		{E76D3EEA-05B2-423E-B34A-98B8D88B3F88}.Develop|Any CPU.Build.0 = Develop|Any CPU
		{E76D3EEA-05B2-423E-B34A-98B8D88B3F88}.Develop|iPhone.ActiveCfg = Develop|Any CPU
		{E76D3EEA-05B2-423E-B34A-98B8D88B3F88}.Develop|iPhone.Build.0 = Develop|Any CPU
		{E76D3EEA-05B2-423E-B34A-98B8D88B3F88}.Develop|iPhoneSimulator.ActiveCfg = Develop|Any CPU
		{E76D3EEA-05B2-423E-B34A-98B8D88B3F88}.Develop|iPhoneSimulator.Build.0 = Develop|Any CPU
		{E76D3EEA-05B2-423E-B34A-98B8D88B3F88}.Release|Any CPU.ActiveCfg = Release|Any CPU
		{E76D3EEA-05B2-423E-B34A-98B8D88B3F88}.Release|Any CPU.Build.0 = Release|Any CPU
		{E76D3EEA-05B2-423E-B34A-98B8D88B3F88}.Release|iPhone.ActiveCfg = Release|Any CPU
		{E76D3EEA-05B2-423E-B34A-98B8D88B3F88}.Release|iPhone.Build.0 = Release|Any CPU
		{E76D3EEA-05B2-423E-B34A-98B8D88B3F88}.Release|iPhoneSimulator.ActiveCfg = Release|Any CPU
		{E76D3EEA-05B2-423E-B34A-98B8D88B3F88}.Release|iPhoneSimulator.Build.0 = Release|Any CPU
		{55AE2DB5-8F3C-4AF2-819C-396850A05222}.Ad-Hoc|Any CPU.ActiveCfg = Release|Any CPU
		{55AE2DB5-8F3C-4AF2-819C-396850A05222}.Ad-Hoc|Any CPU.Build.0 = Release|Any CPU
		{55AE2DB5-8F3C-4AF2-819C-396850A05222}.Ad-Hoc|iPhone.ActiveCfg = Release|Any CPU
		{55AE2DB5-8F3C-4AF2-819C-396850A05222}.Ad-Hoc|iPhone.Build.0 = Release|Any CPU
		{55AE2DB5-8F3C-4AF2-819C-396850A05222}.Ad-Hoc|iPhoneSimulator.ActiveCfg = Release|Any CPU
		{55AE2DB5-8F3C-4AF2-819C-396850A05222}.Ad-Hoc|iPhoneSimulator.Build.0 = Release|Any CPU
		{55AE2DB5-8F3C-4AF2-819C-396850A05222}.AppStore|Any CPU.ActiveCfg = Release|Any CPU
		{55AE2DB5-8F3C-4AF2-819C-396850A05222}.AppStore|Any CPU.Build.0 = Release|Any CPU
		{55AE2DB5-8F3C-4AF2-819C-396850A05222}.AppStore|iPhone.ActiveCfg = Release|Any CPU
		{55AE2DB5-8F3C-4AF2-819C-396850A05222}.AppStore|iPhone.Build.0 = Release|Any CPU
		{55AE2DB5-8F3C-4AF2-819C-396850A05222}.AppStore|iPhoneSimulator.ActiveCfg = Release|Any CPU
		{55AE2DB5-8F3C-4AF2-819C-396850A05222}.AppStore|iPhoneSimulator.Build.0 = Release|Any CPU
		{55AE2DB5-8F3C-4AF2-819C-396850A05222}.Debug|Any CPU.ActiveCfg = Debug|Any CPU
		{55AE2DB5-8F3C-4AF2-819C-396850A05222}.Debug|Any CPU.Build.0 = Debug|Any CPU
		{55AE2DB5-8F3C-4AF2-819C-396850A05222}.Debug|iPhone.ActiveCfg = Debug|Any CPU
		{55AE2DB5-8F3C-4AF2-819C-396850A05222}.Debug|iPhone.Build.0 = Debug|Any CPU
		{55AE2DB5-8F3C-4AF2-819C-396850A05222}.Debug|iPhoneSimulator.ActiveCfg = Debug|Any CPU
		{55AE2DB5-8F3C-4AF2-819C-396850A05222}.Debug|iPhoneSimulator.Build.0 = Debug|Any CPU
		{55AE2DB5-8F3C-4AF2-819C-396850A05222}.Develop|Any CPU.ActiveCfg = Debug|Any CPU
		{55AE2DB5-8F3C-4AF2-819C-396850A05222}.Develop|Any CPU.Build.0 = Debug|Any CPU
		{55AE2DB5-8F3C-4AF2-819C-396850A05222}.Develop|iPhone.ActiveCfg = Debug|Any CPU
		{55AE2DB5-8F3C-4AF2-819C-396850A05222}.Develop|iPhone.Build.0 = Debug|Any CPU
		{55AE2DB5-8F3C-4AF2-819C-396850A05222}.Develop|iPhoneSimulator.ActiveCfg = Debug|Any CPU
		{55AE2DB5-8F3C-4AF2-819C-396850A05222}.Develop|iPhoneSimulator.Build.0 = Debug|Any CPU
		{55AE2DB5-8F3C-4AF2-819C-396850A05222}.Release|Any CPU.ActiveCfg = Release|Any CPU
		{55AE2DB5-8F3C-4AF2-819C-396850A05222}.Release|Any CPU.Build.0 = Release|Any CPU
		{55AE2DB5-8F3C-4AF2-819C-396850A05222}.Release|iPhone.ActiveCfg = Release|Any CPU
		{55AE2DB5-8F3C-4AF2-819C-396850A05222}.Release|iPhone.Build.0 = Release|Any CPU
		{55AE2DB5-8F3C-4AF2-819C-396850A05222}.Release|iPhoneSimulator.ActiveCfg = Release|Any CPU
		{55AE2DB5-8F3C-4AF2-819C-396850A05222}.Release|iPhoneSimulator.Build.0 = Release|Any CPU
	EndGlobalSection
	GlobalSection(SolutionProperties) = preSolution
		HideSolutionNode = FALSE
	EndGlobalSection
	GlobalSection(NestedProjects) = preSolution
		{68C6FDB9-315B-4DFA-9774-409412AAF10D} = {C1F7D32A-15A5-4285-932C-046C1081DAA6}
		{C9F41C24-87F7-4A6B-A732-7958A1F8F822} = {C1F7D32A-15A5-4285-932C-046C1081DAA6}
		{A3D4BD41-1DFE-455B-8017-5D225856A7FF} = {C1F7D32A-15A5-4285-932C-046C1081DAA6}
		{CC5F9C4D-19B0-489F-8B72-E90DA017B4C0} = {C1F7D32A-15A5-4285-932C-046C1081DAA6}
		{13ECC31D-6AE2-42AA-AED9-655A1031C6F0} = {C1F7D32A-15A5-4285-932C-046C1081DAA6}
		{E76D3EEA-05B2-423E-B34A-98B8D88B3F88} = {C1F7D32A-15A5-4285-932C-046C1081DAA6}
	EndGlobalSection
	GlobalSection(ExtensibilityGlobals) = postSolution
		SolutionGuid = {C31C8710-780E-4FA6-BF51-60F46D8D6A09}
	EndGlobalSection
EndGlobal
