
Microsoft Visual Studio Solution File, Format Version 12.00
# Visual Studio 15
VisualStudioVersion = 15.0.27004.2005
MinimumVisualStudioVersion = 10.0.40219.1
Project("{FAE04EC0-301F-11D3-BF4B-00C04F79EFBC}") = "XamarinAndroidTileTemplate", "XamarinAndroidTileTemplate\XamarinAndroidTileTemplate.csproj", "{34B46776-4231-4AAD-A2CB-F612369B40AC}"
EndProject
Project("{FAE04EC0-301F-11D3-BF4B-00C04F79EFBC}") = "XamariniOSTileTemplate", "XamariniOSTileTemplate\XamariniOSTileTemplate.csproj", "{CC6CCA50-4C6E-4E2B-AD04-A54340F8C6E7}"
EndProject
Project("{FAE04EC0-301F-11D3-BF4B-00C04F79EFBC}") = "Moduware.Platform.Tile.Droid", "PlatformTile\Platform.Tile.Droid\Moduware.Platform.Tile.Droid.csproj", "{55AE2DB5-8F3C-4AF2-819C-396850A05222}"
EndProject
Project("{FAE04EC0-301F-11D3-BF4B-00C04F79EFBC}") = "Moduware.Platform.Tile.iOS", "PlatformTile\Platform.Tile.iOS\Moduware.Platform.Tile.iOS.csproj", "{4A938ED6-42CD-4B66-B950-5EFBE7B3DC3B}"
EndProject
Project("{D954291E-2A0B-460D-934E-DC6B0785DB48}") = "Moduware.Platform.Tile.Shared", "PlatformTile\Platform.Tile.Shared\Moduware.Platform.Tile.Shared.shproj", "{9B854B31-630D-4A65-95A6-5366D15E6E3E}"
EndProject
Project("{2150E333-8FDC-42A3-9474-1A3956D46DE8}") = "PlatformTile", "PlatformTile", "{DFD73DCE-94A8-4BCB-9A4D-CE2984455EC0}"
EndProject
Global
	GlobalSection(SharedMSBuildProjectFiles) = preSolution
		PlatformTile\Platform.Tile.Shared\Platform.Tile.Shared.projitems*{4a938ed6-42cd-4b66-b950-5efbe7b3dc3b}*SharedItemsImports = 4
		PlatformTile\Platform.Tile.Shared\Platform.Tile.Shared.projitems*{55ae2db5-8f3c-4af2-819c-396850a05222}*SharedItemsImports = 4
		PlatformTile\Platform.Tile.Shared\Platform.Tile.Shared.projitems*{9b854b31-630d-4a65-95a6-5366d15e6e3e}*SharedItemsImports = 13
	EndGlobalSection
	GlobalSection(SolutionConfigurationPlatforms) = preSolution
		Ad-Hoc|Any CPU = Ad-Hoc|Any CPU
		Ad-Hoc|iPhone = Ad-Hoc|iPhone
		Ad-Hoc|iPhoneSimulator = Ad-Hoc|iPhoneSimulator
		AppStore|Any CPU = AppStore|Any CPU
		AppStore|iPhone = AppStore|iPhone
		AppStore|iPhoneSimulator = AppStore|iPhoneSimulator
		Debug|Any CPU = Debug|Any CPU
		Debug|iPhone = Debug|iPhone
		Debug|iPhoneSimulator = Debug|iPhoneSimulator
		Develop|Any CPU = Develop|Any CPU
		Develop|iPhone = Develop|iPhone
		Develop|iPhoneSimulator = Develop|iPhoneSimulator
		Release|Any CPU = Release|Any CPU
		Release|iPhone = Release|iPhone
		Release|iPhoneSimulator = Release|iPhoneSimulator
	EndGlobalSection
	GlobalSection(ProjectConfigurationPlatforms) = postSolution
		{34B46776-4231-4AAD-A2CB-F612369B40AC}.Ad-Hoc|Any CPU.ActiveCfg = Release|Any CPU
		{34B46776-4231-4AAD-A2CB-F612369B40AC}.Ad-Hoc|Any CPU.Build.0 = Release|Any CPU
		{34B46776-4231-4AAD-A2CB-F612369B40AC}.Ad-Hoc|Any CPU.Deploy.0 = Release|Any CPU
		{34B46776-4231-4AAD-A2CB-F612369B40AC}.Ad-Hoc|iPhone.ActiveCfg = Release|Any CPU
		{34B46776-4231-4AAD-A2CB-F612369B40AC}.Ad-Hoc|iPhone.Build.0 = Release|Any CPU
		{34B46776-4231-4AAD-A2CB-F612369B40AC}.Ad-Hoc|iPhone.Deploy.0 = Release|Any CPU
		{34B46776-4231-4AAD-A2CB-F612369B40AC}.Ad-Hoc|iPhoneSimulator.ActiveCfg = Release|Any CPU
		{34B46776-4231-4AAD-A2CB-F612369B40AC}.Ad-Hoc|iPhoneSimulator.Build.0 = Release|Any CPU
		{34B46776-4231-4AAD-A2CB-F612369B40AC}.Ad-Hoc|iPhoneSimulator.Deploy.0 = Release|Any CPU
		{34B46776-4231-4AAD-A2CB-F612369B40AC}.AppStore|Any CPU.ActiveCfg = Release|Any CPU
		{34B46776-4231-4AAD-A2CB-F612369B40AC}.AppStore|Any CPU.Build.0 = Release|Any CPU
		{34B46776-4231-4AAD-A2CB-F612369B40AC}.AppStore|Any CPU.Deploy.0 = Release|Any CPU
		{34B46776-4231-4AAD-A2CB-F612369B40AC}.AppStore|iPhone.ActiveCfg = Release|Any CPU
		{34B46776-4231-4AAD-A2CB-F612369B40AC}.AppStore|iPhone.Build.0 = Release|Any CPU
		{34B46776-4231-4AAD-A2CB-F612369B40AC}.AppStore|iPhone.Deploy.0 = Release|Any CPU
		{34B46776-4231-4AAD-A2CB-F612369B40AC}.AppStore|iPhoneSimulator.ActiveCfg = Release|Any CPU
		{34B46776-4231-4AAD-A2CB-F612369B40AC}.AppStore|iPhoneSimulator.Build.0 = Release|Any CPU
		{34B46776-4231-4AAD-A2CB-F612369B40AC}.AppStore|iPhoneSimulator.Deploy.0 = Release|Any CPU
		{34B46776-4231-4AAD-A2CB-F612369B40AC}.Debug|Any CPU.ActiveCfg = Debug|Any CPU
		{34B46776-4231-4AAD-A2CB-F612369B40AC}.Debug|Any CPU.Build.0 = Debug|Any CPU
		{34B46776-4231-4AAD-A2CB-F612369B40AC}.Debug|Any CPU.Deploy.0 = Debug|Any CPU
		{34B46776-4231-4AAD-A2CB-F612369B40AC}.Debug|iPhone.ActiveCfg = Debug|Any CPU
		{34B46776-4231-4AAD-A2CB-F612369B40AC}.Debug|iPhoneSimulator.ActiveCfg = Debug|Any CPU
		{34B46776-4231-4AAD-A2CB-F612369B40AC}.Debug|iPhoneSimulator.Build.0 = Debug|Any CPU
		{34B46776-4231-4AAD-A2CB-F612369B40AC}.Debug|iPhoneSimulator.Deploy.0 = Debug|Any CPU
		{34B46776-4231-4AAD-A2CB-F612369B40AC}.Develop|Any CPU.ActiveCfg = Debug|Any CPU
		{34B46776-4231-4AAD-A2CB-F612369B40AC}.Develop|Any CPU.Build.0 = Debug|Any CPU
		{34B46776-4231-4AAD-A2CB-F612369B40AC}.Develop|Any CPU.Deploy.0 = Debug|Any CPU
		{34B46776-4231-4AAD-A2CB-F612369B40AC}.Develop|iPhone.ActiveCfg = Debug|Any CPU
		{34B46776-4231-4AAD-A2CB-F612369B40AC}.Develop|iPhone.Build.0 = Debug|Any CPU
		{34B46776-4231-4AAD-A2CB-F612369B40AC}.Develop|iPhone.Deploy.0 = Debug|Any CPU
		{34B46776-4231-4AAD-A2CB-F612369B40AC}.Develop|iPhoneSimulator.ActiveCfg = Debug|Any CPU
		{34B46776-4231-4AAD-A2CB-F612369B40AC}.Develop|iPhoneSimulator.Build.0 = Debug|Any CPU
		{34B46776-4231-4AAD-A2CB-F612369B40AC}.Develop|iPhoneSimulator.Deploy.0 = Debug|Any CPU
		{34B46776-4231-4AAD-A2CB-F612369B40AC}.Release|Any CPU.ActiveCfg = Release|Any CPU
		{34B46776-4231-4AAD-A2CB-F612369B40AC}.Release|Any CPU.Build.0 = Release|Any CPU
		{34B46776-4231-4AAD-A2CB-F612369B40AC}.Release|Any CPU.Deploy.0 = Release|Any CPU
		{34B46776-4231-4AAD-A2CB-F612369B40AC}.Release|iPhone.ActiveCfg = Release|Any CPU
		{34B46776-4231-4AAD-A2CB-F612369B40AC}.Release|iPhone.Build.0 = Release|Any CPU
		{34B46776-4231-4AAD-A2CB-F612369B40AC}.Release|iPhone.Deploy.0 = Release|Any CPU
		{34B46776-4231-4AAD-A2CB-F612369B40AC}.Release|iPhoneSimulator.ActiveCfg = Release|Any CPU
		{34B46776-4231-4AAD-A2CB-F612369B40AC}.Release|iPhoneSimulator.Build.0 = Release|Any CPU
		{34B46776-4231-4AAD-A2CB-F612369B40AC}.Release|iPhoneSimulator.Deploy.0 = Release|Any CPU
		{CC6CCA50-4C6E-4E2B-AD04-A54340F8C6E7}.Ad-Hoc|Any CPU.ActiveCfg = Ad-Hoc|iPhone
		{CC6CCA50-4C6E-4E2B-AD04-A54340F8C6E7}.Ad-Hoc|iPhone.ActiveCfg = Ad-Hoc|iPhone
		{CC6CCA50-4C6E-4E2B-AD04-A54340F8C6E7}.Ad-Hoc|iPhone.Build.0 = Ad-Hoc|iPhone
		{CC6CCA50-4C6E-4E2B-AD04-A54340F8C6E7}.Ad-Hoc|iPhoneSimulator.ActiveCfg = Ad-Hoc|iPhoneSimulator
		{CC6CCA50-4C6E-4E2B-AD04-A54340F8C6E7}.Ad-Hoc|iPhoneSimulator.Build.0 = Ad-Hoc|iPhoneSimulator
		{CC6CCA50-4C6E-4E2B-AD04-A54340F8C6E7}.AppStore|Any CPU.ActiveCfg = AppStore|iPhone
		{CC6CCA50-4C6E-4E2B-AD04-A54340F8C6E7}.AppStore|iPhone.ActiveCfg = AppStore|iPhone
		{CC6CCA50-4C6E-4E2B-AD04-A54340F8C6E7}.AppStore|iPhone.Build.0 = AppStore|iPhone
		{CC6CCA50-4C6E-4E2B-AD04-A54340F8C6E7}.AppStore|iPhoneSimulator.ActiveCfg = AppStore|iPhoneSimulator
		{CC6CCA50-4C6E-4E2B-AD04-A54340F8C6E7}.AppStore|iPhoneSimulator.Build.0 = AppStore|iPhoneSimulator
		{CC6CCA50-4C6E-4E2B-AD04-A54340F8C6E7}.Debug|Any CPU.ActiveCfg = Debug|iPhone
		{CC6CCA50-4C6E-4E2B-AD04-A54340F8C6E7}.Debug|iPhone.ActiveCfg = Debug|iPhone
		{CC6CCA50-4C6E-4E2B-AD04-A54340F8C6E7}.Debug|iPhone.Build.0 = Debug|iPhone
		{CC6CCA50-4C6E-4E2B-AD04-A54340F8C6E7}.Debug|iPhoneSimulator.ActiveCfg = Debug|iPhoneSimulator
		{CC6CCA50-4C6E-4E2B-AD04-A54340F8C6E7}.Debug|iPhoneSimulator.Build.0 = Debug|iPhoneSimulator
		{CC6CCA50-4C6E-4E2B-AD04-A54340F8C6E7}.Develop|Any CPU.ActiveCfg = AppStore|iPhone
		{CC6CCA50-4C6E-4E2B-AD04-A54340F8C6E7}.Develop|Any CPU.Build.0 = AppStore|iPhone
		{CC6CCA50-4C6E-4E2B-AD04-A54340F8C6E7}.Develop|iPhone.ActiveCfg = Debug|iPhone
		{CC6CCA50-4C6E-4E2B-AD04-A54340F8C6E7}.Develop|iPhone.Build.0 = Debug|iPhone
		{CC6CCA50-4C6E-4E2B-AD04-A54340F8C6E7}.Develop|iPhoneSimulator.ActiveCfg = Debug|iPhoneSimulator
		{CC6CCA50-4C6E-4E2B-AD04-A54340F8C6E7}.Develop|iPhoneSimulator.Build.0 = Debug|iPhoneSimulator
		{CC6CCA50-4C6E-4E2B-AD04-A54340F8C6E7}.Release|Any CPU.ActiveCfg = Release|iPhone
		{CC6CCA50-4C6E-4E2B-AD04-A54340F8C6E7}.Release|iPhone.ActiveCfg = Release|iPhone
		{CC6CCA50-4C6E-4E2B-AD04-A54340F8C6E7}.Release|iPhone.Build.0 = Release|iPhone
		{CC6CCA50-4C6E-4E2B-AD04-A54340F8C6E7}.Release|iPhoneSimulator.ActiveCfg = Release|iPhoneSimulator
		{CC6CCA50-4C6E-4E2B-AD04-A54340F8C6E7}.Release|iPhoneSimulator.Build.0 = Release|iPhoneSimulator
		{55AE2DB5-8F3C-4AF2-819C-396850A05222}.Ad-Hoc|Any CPU.ActiveCfg = Release|Any CPU
		{55AE2DB5-8F3C-4AF2-819C-396850A05222}.Ad-Hoc|Any CPU.Build.0 = Release|Any CPU
		{55AE2DB5-8F3C-4AF2-819C-396850A05222}.Ad-Hoc|iPhone.ActiveCfg = Release|Any CPU
		{55AE2DB5-8F3C-4AF2-819C-396850A05222}.Ad-Hoc|iPhone.Build.0 = Release|Any CPU
		{55AE2DB5-8F3C-4AF2-819C-396850A05222}.Ad-Hoc|iPhoneSimulator.ActiveCfg = Release|Any CPU
		{55AE2DB5-8F3C-4AF2-819C-396850A05222}.Ad-Hoc|iPhoneSimulator.Build.0 = Release|Any CPU
		{55AE2DB5-8F3C-4AF2-819C-396850A05222}.AppStore|Any CPU.ActiveCfg = Release|Any CPU
		{55AE2DB5-8F3C-4AF2-819C-396850A05222}.AppStore|Any CPU.Build.0 = Release|Any CPU
		{55AE2DB5-8F3C-4AF2-819C-396850A05222}.AppStore|iPhone.ActiveCfg = Release|Any CPU
		{55AE2DB5-8F3C-4AF2-819C-396850A05222}.AppStore|iPhone.Build.0 = Release|Any CPU
		{55AE2DB5-8F3C-4AF2-819C-396850A05222}.AppStore|iPhoneSimulator.ActiveCfg = Release|Any CPU
		{55AE2DB5-8F3C-4AF2-819C-396850A05222}.AppStore|iPhoneSimulator.Build.0 = Release|Any CPU
		{55AE2DB5-8F3C-4AF2-819C-396850A05222}.Debug|Any CPU.ActiveCfg = Debug|Any CPU
		{55AE2DB5-8F3C-4AF2-819C-396850A05222}.Debug|Any CPU.Build.0 = Debug|Any CPU
		{55AE2DB5-8F3C-4AF2-819C-396850A05222}.Debug|iPhone.ActiveCfg = Debug|Any CPU
		{55AE2DB5-8F3C-4AF2-819C-396850A05222}.Debug|iPhone.Build.0 = Debug|Any CPU
		{55AE2DB5-8F3C-4AF2-819C-396850A05222}.Debug|iPhoneSimulator.ActiveCfg = Debug|Any CPU
		{55AE2DB5-8F3C-4AF2-819C-396850A05222}.Debug|iPhoneSimulator.Build.0 = Debug|Any CPU
		{55AE2DB5-8F3C-4AF2-819C-396850A05222}.Develop|Any CPU.ActiveCfg = Debug|Any CPU
		{55AE2DB5-8F3C-4AF2-819C-396850A05222}.Develop|Any CPU.Build.0 = Debug|Any CPU
		{55AE2DB5-8F3C-4AF2-819C-396850A05222}.Develop|iPhone.ActiveCfg = Debug|Any CPU
		{55AE2DB5-8F3C-4AF2-819C-396850A05222}.Develop|iPhone.Build.0 = Debug|Any CPU
		{55AE2DB5-8F3C-4AF2-819C-396850A05222}.Develop|iPhoneSimulator.ActiveCfg = Debug|Any CPU
		{55AE2DB5-8F3C-4AF2-819C-396850A05222}.Develop|iPhoneSimulator.Build.0 = Debug|Any CPU
		{55AE2DB5-8F3C-4AF2-819C-396850A05222}.Release|Any CPU.ActiveCfg = Release|Any CPU
		{55AE2DB5-8F3C-4AF2-819C-396850A05222}.Release|Any CPU.Build.0 = Release|Any CPU
		{55AE2DB5-8F3C-4AF2-819C-396850A05222}.Release|iPhone.ActiveCfg = Release|Any CPU
		{55AE2DB5-8F3C-4AF2-819C-396850A05222}.Release|iPhone.Build.0 = Release|Any CPU
		{55AE2DB5-8F3C-4AF2-819C-396850A05222}.Release|iPhoneSimulator.ActiveCfg = Release|Any CPU
		{55AE2DB5-8F3C-4AF2-819C-396850A05222}.Release|iPhoneSimulator.Build.0 = Release|Any CPU
		{4A938ED6-42CD-4B66-B950-5EFBE7B3DC3B}.Ad-Hoc|Any CPU.ActiveCfg = Release|Any CPU
		{4A938ED6-42CD-4B66-B950-5EFBE7B3DC3B}.Ad-Hoc|Any CPU.Build.0 = Release|Any CPU
		{4A938ED6-42CD-4B66-B950-5EFBE7B3DC3B}.Ad-Hoc|iPhone.ActiveCfg = Release|Any CPU
		{4A938ED6-42CD-4B66-B950-5EFBE7B3DC3B}.Ad-Hoc|iPhone.Build.0 = Release|Any CPU
		{4A938ED6-42CD-4B66-B950-5EFBE7B3DC3B}.Ad-Hoc|iPhoneSimulator.ActiveCfg = Release|Any CPU
		{4A938ED6-42CD-4B66-B950-5EFBE7B3DC3B}.Ad-Hoc|iPhoneSimulator.Build.0 = Release|Any CPU
		{4A938ED6-42CD-4B66-B950-5EFBE7B3DC3B}.AppStore|Any CPU.ActiveCfg = Release|Any CPU
		{4A938ED6-42CD-4B66-B950-5EFBE7B3DC3B}.AppStore|Any CPU.Build.0 = Release|Any CPU
		{4A938ED6-42CD-4B66-B950-5EFBE7B3DC3B}.AppStore|iPhone.ActiveCfg = Release|Any CPU
		{4A938ED6-42CD-4B66-B950-5EFBE7B3DC3B}.AppStore|iPhone.Build.0 = Release|Any CPU
		{4A938ED6-42CD-4B66-B950-5EFBE7B3DC3B}.AppStore|iPhoneSimulator.ActiveCfg = Release|Any CPU
		{4A938ED6-42CD-4B66-B950-5EFBE7B3DC3B}.AppStore|iPhoneSimulator.Build.0 = Release|Any CPU
		{4A938ED6-42CD-4B66-B950-5EFBE7B3DC3B}.Debug|Any CPU.ActiveCfg = Debug|Any CPU
		{4A938ED6-42CD-4B66-B950-5EFBE7B3DC3B}.Debug|Any CPU.Build.0 = Debug|Any CPU
		{4A938ED6-42CD-4B66-B950-5EFBE7B3DC3B}.Debug|iPhone.ActiveCfg = Debug|Any CPU
		{4A938ED6-42CD-4B66-B950-5EFBE7B3DC3B}.Debug|iPhone.Build.0 = Debug|Any CPU
		{4A938ED6-42CD-4B66-B950-5EFBE7B3DC3B}.Debug|iPhoneSimulator.ActiveCfg = Debug|Any CPU
		{4A938ED6-42CD-4B66-B950-5EFBE7B3DC3B}.Debug|iPhoneSimulator.Build.0 = Debug|Any CPU
		{4A938ED6-42CD-4B66-B950-5EFBE7B3DC3B}.Develop|Any CPU.ActiveCfg = Debug|Any CPU
		{4A938ED6-42CD-4B66-B950-5EFBE7B3DC3B}.Develop|Any CPU.Build.0 = Debug|Any CPU
		{4A938ED6-42CD-4B66-B950-5EFBE7B3DC3B}.Develop|iPhone.ActiveCfg = Debug|Any CPU
		{4A938ED6-42CD-4B66-B950-5EFBE7B3DC3B}.Develop|iPhone.Build.0 = Debug|Any CPU
		{4A938ED6-42CD-4B66-B950-5EFBE7B3DC3B}.Develop|iPhoneSimulator.ActiveCfg = Debug|Any CPU
		{4A938ED6-42CD-4B66-B950-5EFBE7B3DC3B}.Develop|iPhoneSimulator.Build.0 = Debug|Any CPU
		{4A938ED6-42CD-4B66-B950-5EFBE7B3DC3B}.Release|Any CPU.ActiveCfg = Release|Any CPU
		{4A938ED6-42CD-4B66-B950-5EFBE7B3DC3B}.Release|Any CPU.Build.0 = Release|Any CPU
		{4A938ED6-42CD-4B66-B950-5EFBE7B3DC3B}.Release|iPhone.ActiveCfg = Release|Any CPU
		{4A938ED6-42CD-4B66-B950-5EFBE7B3DC3B}.Release|iPhone.Build.0 = Release|Any CPU
		{4A938ED6-42CD-4B66-B950-5EFBE7B3DC3B}.Release|iPhoneSimulator.ActiveCfg = Release|Any CPU
		{4A938ED6-42CD-4B66-B950-5EFBE7B3DC3B}.Release|iPhoneSimulator.Build.0 = Release|Any CPU
	EndGlobalSection
	GlobalSection(SolutionProperties) = preSolution
		HideSolutionNode = FALSE
	EndGlobalSection
	GlobalSection(NestedProjects) = preSolution
		{55AE2DB5-8F3C-4AF2-819C-396850A05222} = {DFD73DCE-94A8-4BCB-9A4D-CE2984455EC0}
		{4A938ED6-42CD-4B66-B950-5EFBE7B3DC3B} = {DFD73DCE-94A8-4BCB-9A4D-CE2984455EC0}
		{9B854B31-630D-4A65-95A6-5366D15E6E3E} = {DFD73DCE-94A8-4BCB-9A4D-CE2984455EC0}
	EndGlobalSection
	GlobalSection(ExtensibilityGlobals) = postSolution
		SolutionGuid = {C31C8710-780E-4FA6-BF51-60F46D8D6A09}
	EndGlobalSection
EndGlobal
