
Microsoft Visual Studio Solution File, Format Version 12.00
# Visual Studio 15
VisualStudioVersion = 15.0.27004.2009
MinimumVisualStudioVersion = 10.0.40219.1
Project("{FAE04EC0-301F-11D3-BF4B-00C04F79EFBC}") = "TileTemplate.Droid", "Droid\TileTemplate.Droid.csproj", "{34B46776-4231-4AAD-A2CB-F612369B40AC}"
EndProject
Project("{FAE04EC0-301F-11D3-BF4B-00C04F79EFBC}") = "TileTemplate.iOS", "iOS\TileTemplate.iOS.csproj", "{CC6CCA50-4C6E-4E2B-AD04-A54340F8C6E7}"
EndProject
Project("{FAE04EC0-301F-11D3-BF4B-00C04F79EFBC}") = "TileTemplate.Shared", "Shared\TileTemplate.Shared.csproj", "{1EA1B4C4-264C-42EC-A7E9-1B2C8D74016A}"
EndProject
Project("{2150E333-8FDC-42A3-9474-1A3956D46DE8}") = "Moduware", "Moduware", "{F22B249F-A359-4704-9397-21C8EF446807}"
EndProject
Project("{FAE04EC0-301F-11D3-BF4B-00C04F79EFBC}") = "AssassinEventSystem", "assassin-event-system\AssassinEventSystem\AssassinEventSystem.csproj", "{7B328DDC-4013-4176-9954-3F410251EC88}"
EndProject
Project("{FAE04EC0-301F-11D3-BF4B-00C04F79EFBC}") = "Moduware.Platform.Core.Utilities", "csharp-moduware-shared\Moduware.Platform.Core.Utilities\Moduware.Platform.Core.Utilities.csproj", "{13ECC31D-6AE2-42AA-AED9-655A1031C6F0}"
EndProject
Project("{FAE04EC0-301F-11D3-BF4B-00C04F79EFBC}") = "Moduware.Platform.Core.Shared", "csharp-moduware-shared\Moduware.Platform.Core.Shared\Moduware.Platform.Core.Shared.csproj", "{C9F41C24-87F7-4A6B-A732-7958A1F8F822}"
EndProject
Project("{FAE04EC0-301F-11D3-BF4B-00C04F79EFBC}") = "Moduware.Platform.Core.CommunicationProtocol", "csharp-moduware-communication-protocol\Moduware.Platform.Core.CommunicationProtocol\Moduware.Platform.Core.CommunicationProtocol.csproj", "{D02C67B5-D12B-477A-84F3-67AC4438D945}"
EndProject
Project("{FAE04EC0-301F-11D3-BF4B-00C04F79EFBC}") = "Moduware.Platform.Core.Connection", "csharp-moduware-connection\Moduware.Platform.Core.Connection\Moduware.Platform.Core.Connection.csproj", "{E07D3348-1F73-456F-BAE4-B106DE10BFDE}"
EndProject
Project("{FAE04EC0-301F-11D3-BF4B-00C04F79EFBC}") = "Moduware.Platform.Core.ModuleDriverSystem", "csharp-moduware-module-driver-system\Moduware.Platform.Core.ModuleDriverSystem\Moduware.Platform.Core.ModuleDriverSystem.csproj", "{CC5F9C4D-19B0-489F-8B72-E90DA017B4C0}"
EndProject
Global
	GlobalSection(SolutionConfigurationPlatforms) = preSolution
		Ad-Hoc|Any CPU = Ad-Hoc|Any CPU
		Ad-Hoc|iPhone = Ad-Hoc|iPhone
		Ad-Hoc|iPhoneSimulator = Ad-Hoc|iPhoneSimulator
		AppStore|Any CPU = AppStore|Any CPU
		AppStore|iPhone = AppStore|iPhone
		AppStore|iPhoneSimulator = AppStore|iPhoneSimulator
		Debug|Any CPU = Debug|Any CPU
		Debug|iPhone = Debug|iPhone
		Debug|iPhoneSimulator = Debug|iPhoneSimulator
		Develop|Any CPU = Develop|Any CPU
		Develop|iPhone = Develop|iPhone
		Develop|iPhoneSimulator = Develop|iPhoneSimulator
		Release|Any CPU = Release|Any CPU
		Release|iPhone = Release|iPhone
		Release|iPhoneSimulator = Release|iPhoneSimulator
	EndGlobalSection
	GlobalSection(ProjectConfigurationPlatforms) = postSolution
		{34B46776-4231-4AAD-A2CB-F612369B40AC}.Ad-Hoc|Any CPU.ActiveCfg = Release|Any CPU
		{34B46776-4231-4AAD-A2CB-F612369B40AC}.Ad-Hoc|Any CPU.Build.0 = Release|Any CPU
		{34B46776-4231-4AAD-A2CB-F612369B40AC}.Ad-Hoc|Any CPU.Deploy.0 = Release|Any CPU
		{34B46776-4231-4AAD-A2CB-F612369B40AC}.Ad-Hoc|iPhone.ActiveCfg = Release|Any CPU
		{34B46776-4231-4AAD-A2CB-F612369B40AC}.Ad-Hoc|iPhone.Build.0 = Release|Any CPU
		{34B46776-4231-4AAD-A2CB-F612369B40AC}.Ad-Hoc|iPhone.Deploy.0 = Release|Any CPU
		{34B46776-4231-4AAD-A2CB-F612369B40AC}.Ad-Hoc|iPhoneSimulator.ActiveCfg = Release|Any CPU
		{34B46776-4231-4AAD-A2CB-F612369B40AC}.Ad-Hoc|iPhoneSimulator.Build.0 = Release|Any CPU
		{34B46776-4231-4AAD-A2CB-F612369B40AC}.Ad-Hoc|iPhoneSimulator.Deploy.0 = Release|Any CPU
		{34B46776-4231-4AAD-A2CB-F612369B40AC}.AppStore|Any CPU.ActiveCfg = Release|Any CPU
		{34B46776-4231-4AAD-A2CB-F612369B40AC}.AppStore|Any CPU.Build.0 = Release|Any CPU
		{34B46776-4231-4AAD-A2CB-F612369B40AC}.AppStore|Any CPU.Deploy.0 = Release|Any CPU
		{34B46776-4231-4AAD-A2CB-F612369B40AC}.AppStore|iPhone.ActiveCfg = Release|Any CPU
		{34B46776-4231-4AAD-A2CB-F612369B40AC}.AppStore|iPhone.Build.0 = Release|Any CPU
		{34B46776-4231-4AAD-A2CB-F612369B40AC}.AppStore|iPhone.Deploy.0 = Release|Any CPU
		{34B46776-4231-4AAD-A2CB-F612369B40AC}.AppStore|iPhoneSimulator.ActiveCfg = Release|Any CPU
		{34B46776-4231-4AAD-A2CB-F612369B40AC}.AppStore|iPhoneSimulator.Build.0 = Release|Any CPU
		{34B46776-4231-4AAD-A2CB-F612369B40AC}.AppStore|iPhoneSimulator.Deploy.0 = Release|Any CPU
		{34B46776-4231-4AAD-A2CB-F612369B40AC}.Debug|Any CPU.ActiveCfg = Debug|Any CPU
		{34B46776-4231-4AAD-A2CB-F612369B40AC}.Debug|Any CPU.Build.0 = Debug|Any CPU
		{34B46776-4231-4AAD-A2CB-F612369B40AC}.Debug|Any CPU.Deploy.0 = Debug|Any CPU
		{34B46776-4231-4AAD-A2CB-F612369B40AC}.Debug|iPhone.ActiveCfg = Debug|Any CPU
		{34B46776-4231-4AAD-A2CB-F612369B40AC}.Debug|iPhoneSimulator.ActiveCfg = Debug|Any CPU
		{34B46776-4231-4AAD-A2CB-F612369B40AC}.Debug|iPhoneSimulator.Build.0 = Debug|Any CPU
		{34B46776-4231-4AAD-A2CB-F612369B40AC}.Debug|iPhoneSimulator.Deploy.0 = Debug|Any CPU
		{34B46776-4231-4AAD-A2CB-F612369B40AC}.Develop|Any CPU.ActiveCfg = Debug|Any CPU
		{34B46776-4231-4AAD-A2CB-F612369B40AC}.Develop|Any CPU.Build.0 = Debug|Any CPU
		{34B46776-4231-4AAD-A2CB-F612369B40AC}.Develop|Any CPU.Deploy.0 = Debug|Any CPU
		{34B46776-4231-4AAD-A2CB-F612369B40AC}.Develop|iPhone.ActiveCfg = Debug|Any CPU
		{34B46776-4231-4AAD-A2CB-F612369B40AC}.Develop|iPhone.Build.0 = Debug|Any CPU
		{34B46776-4231-4AAD-A2CB-F612369B40AC}.Develop|iPhone.Deploy.0 = Debug|Any CPU
		{34B46776-4231-4AAD-A2CB-F612369B40AC}.Develop|iPhoneSimulator.ActiveCfg = Debug|Any CPU
		{34B46776-4231-4AAD-A2CB-F612369B40AC}.Develop|iPhoneSimulator.Build.0 = Debug|Any CPU
		{34B46776-4231-4AAD-A2CB-F612369B40AC}.Develop|iPhoneSimulator.Deploy.0 = Debug|Any CPU
		{34B46776-4231-4AAD-A2CB-F612369B40AC}.Release|Any CPU.ActiveCfg = Release|Any CPU
		{34B46776-4231-4AAD-A2CB-F612369B40AC}.Release|Any CPU.Build.0 = Release|Any CPU
		{34B46776-4231-4AAD-A2CB-F612369B40AC}.Release|Any CPU.Deploy.0 = Release|Any CPU
		{34B46776-4231-4AAD-A2CB-F612369B40AC}.Release|iPhone.ActiveCfg = Release|Any CPU
		{34B46776-4231-4AAD-A2CB-F612369B40AC}.Release|iPhone.Build.0 = Release|Any CPU
		{34B46776-4231-4AAD-A2CB-F612369B40AC}.Release|iPhone.Deploy.0 = Release|Any CPU
		{34B46776-4231-4AAD-A2CB-F612369B40AC}.Release|iPhoneSimulator.ActiveCfg = Release|Any CPU
		{34B46776-4231-4AAD-A2CB-F612369B40AC}.Release|iPhoneSimulator.Build.0 = Release|Any CPU
		{34B46776-4231-4AAD-A2CB-F612369B40AC}.Release|iPhoneSimulator.Deploy.0 = Release|Any CPU
		{CC6CCA50-4C6E-4E2B-AD04-A54340F8C6E7}.Ad-Hoc|Any CPU.ActiveCfg = Ad-Hoc|iPhone
		{CC6CCA50-4C6E-4E2B-AD04-A54340F8C6E7}.Ad-Hoc|iPhone.ActiveCfg = Ad-Hoc|iPhone
		{CC6CCA50-4C6E-4E2B-AD04-A54340F8C6E7}.Ad-Hoc|iPhone.Build.0 = Ad-Hoc|iPhone
		{CC6CCA50-4C6E-4E2B-AD04-A54340F8C6E7}.Ad-Hoc|iPhoneSimulator.ActiveCfg = Ad-Hoc|iPhoneSimulator
		{CC6CCA50-4C6E-4E2B-AD04-A54340F8C6E7}.Ad-Hoc|iPhoneSimulator.Build.0 = Ad-Hoc|iPhoneSimulator
		{CC6CCA50-4C6E-4E2B-AD04-A54340F8C6E7}.AppStore|Any CPU.ActiveCfg = AppStore|iPhone
		{CC6CCA50-4C6E-4E2B-AD04-A54340F8C6E7}.AppStore|iPhone.ActiveCfg = AppStore|iPhone
		{CC6CCA50-4C6E-4E2B-AD04-A54340F8C6E7}.AppStore|iPhone.Build.0 = AppStore|iPhone
		{CC6CCA50-4C6E-4E2B-AD04-A54340F8C6E7}.AppStore|iPhoneSimulator.ActiveCfg = AppStore|iPhoneSimulator
		{CC6CCA50-4C6E-4E2B-AD04-A54340F8C6E7}.AppStore|iPhoneSimulator.Build.0 = AppStore|iPhoneSimulator
		{CC6CCA50-4C6E-4E2B-AD04-A54340F8C6E7}.Debug|Any CPU.ActiveCfg = Debug|iPhone
		{CC6CCA50-4C6E-4E2B-AD04-A54340F8C6E7}.Debug|iPhone.ActiveCfg = Debug|iPhone
		{CC6CCA50-4C6E-4E2B-AD04-A54340F8C6E7}.Debug|iPhone.Build.0 = Debug|iPhone
		{CC6CCA50-4C6E-4E2B-AD04-A54340F8C6E7}.Debug|iPhoneSimulator.ActiveCfg = Debug|iPhoneSimulator
		{CC6CCA50-4C6E-4E2B-AD04-A54340F8C6E7}.Debug|iPhoneSimulator.Build.0 = Debug|iPhoneSimulator
		{CC6CCA50-4C6E-4E2B-AD04-A54340F8C6E7}.Develop|Any CPU.ActiveCfg = AppStore|iPhone
		{CC6CCA50-4C6E-4E2B-AD04-A54340F8C6E7}.Develop|Any CPU.Build.0 = AppStore|iPhone
		{CC6CCA50-4C6E-4E2B-AD04-A54340F8C6E7}.Develop|iPhone.ActiveCfg = Debug|iPhone
		{CC6CCA50-4C6E-4E2B-AD04-A54340F8C6E7}.Develop|iPhone.Build.0 = Debug|iPhone
		{CC6CCA50-4C6E-4E2B-AD04-A54340F8C6E7}.Develop|iPhoneSimulator.ActiveCfg = Debug|iPhoneSimulator
		{CC6CCA50-4C6E-4E2B-AD04-A54340F8C6E7}.Develop|iPhoneSimulator.Build.0 = Debug|iPhoneSimulator
		{CC6CCA50-4C6E-4E2B-AD04-A54340F8C6E7}.Release|Any CPU.ActiveCfg = Release|iPhone
		{CC6CCA50-4C6E-4E2B-AD04-A54340F8C6E7}.Release|iPhone.ActiveCfg = Release|iPhone
		{CC6CCA50-4C6E-4E2B-AD04-A54340F8C6E7}.Release|iPhone.Build.0 = Release|iPhone
		{CC6CCA50-4C6E-4E2B-AD04-A54340F8C6E7}.Release|iPhoneSimulator.ActiveCfg = Release|iPhoneSimulator
		{CC6CCA50-4C6E-4E2B-AD04-A54340F8C6E7}.Release|iPhoneSimulator.Build.0 = Release|iPhoneSimulator
		{1EA1B4C4-264C-42EC-A7E9-1B2C8D74016A}.Ad-Hoc|Any CPU.ActiveCfg = Release|Any CPU
		{1EA1B4C4-264C-42EC-A7E9-1B2C8D74016A}.Ad-Hoc|Any CPU.Build.0 = Release|Any CPU
		{1EA1B4C4-264C-42EC-A7E9-1B2C8D74016A}.Ad-Hoc|iPhone.ActiveCfg = Release|Any CPU
		{1EA1B4C4-264C-42EC-A7E9-1B2C8D74016A}.Ad-Hoc|iPhone.Build.0 = Release|Any CPU
		{1EA1B4C4-264C-42EC-A7E9-1B2C8D74016A}.Ad-Hoc|iPhoneSimulator.ActiveCfg = Release|Any CPU
		{1EA1B4C4-264C-42EC-A7E9-1B2C8D74016A}.Ad-Hoc|iPhoneSimulator.Build.0 = Release|Any CPU
		{1EA1B4C4-264C-42EC-A7E9-1B2C8D74016A}.AppStore|Any CPU.ActiveCfg = Release|Any CPU
		{1EA1B4C4-264C-42EC-A7E9-1B2C8D74016A}.AppStore|Any CPU.Build.0 = Release|Any CPU
		{1EA1B4C4-264C-42EC-A7E9-1B2C8D74016A}.AppStore|iPhone.ActiveCfg = Release|Any CPU
		{1EA1B4C4-264C-42EC-A7E9-1B2C8D74016A}.AppStore|iPhone.Build.0 = Release|Any CPU
		{1EA1B4C4-264C-42EC-A7E9-1B2C8D74016A}.AppStore|iPhoneSimulator.ActiveCfg = Release|Any CPU
		{1EA1B4C4-264C-42EC-A7E9-1B2C8D74016A}.AppStore|iPhoneSimulator.Build.0 = Release|Any CPU
		{1EA1B4C4-264C-42EC-A7E9-1B2C8D74016A}.Debug|Any CPU.ActiveCfg = Debug|Any CPU
		{1EA1B4C4-264C-42EC-A7E9-1B2C8D74016A}.Debug|Any CPU.Build.0 = Debug|Any CPU
		{1EA1B4C4-264C-42EC-A7E9-1B2C8D74016A}.Debug|iPhone.ActiveCfg = Debug|Any CPU
		{1EA1B4C4-264C-42EC-A7E9-1B2C8D74016A}.Debug|iPhone.Build.0 = Debug|Any CPU
		{1EA1B4C4-264C-42EC-A7E9-1B2C8D74016A}.Debug|iPhoneSimulator.ActiveCfg = Debug|Any CPU
		{1EA1B4C4-264C-42EC-A7E9-1B2C8D74016A}.Debug|iPhoneSimulator.Build.0 = Debug|Any CPU
		{1EA1B4C4-264C-42EC-A7E9-1B2C8D74016A}.Develop|Any CPU.ActiveCfg = Debug|Any CPU
		{1EA1B4C4-264C-42EC-A7E9-1B2C8D74016A}.Develop|Any CPU.Build.0 = Debug|Any CPU
		{1EA1B4C4-264C-42EC-A7E9-1B2C8D74016A}.Develop|iPhone.ActiveCfg = Debug|Any CPU
		{1EA1B4C4-264C-42EC-A7E9-1B2C8D74016A}.Develop|iPhone.Build.0 = Debug|Any CPU
		{1EA1B4C4-264C-42EC-A7E9-1B2C8D74016A}.Develop|iPhoneSimulator.ActiveCfg = Debug|Any CPU
		{1EA1B4C4-264C-42EC-A7E9-1B2C8D74016A}.Develop|iPhoneSimulator.Build.0 = Debug|Any CPU
		{1EA1B4C4-264C-42EC-A7E9-1B2C8D74016A}.Release|Any CPU.ActiveCfg = Release|Any CPU
		{1EA1B4C4-264C-42EC-A7E9-1B2C8D74016A}.Release|Any CPU.Build.0 = Release|Any CPU
		{1EA1B4C4-264C-42EC-A7E9-1B2C8D74016A}.Release|iPhone.ActiveCfg = Release|Any CPU
		{1EA1B4C4-264C-42EC-A7E9-1B2C8D74016A}.Release|iPhone.Build.0 = Release|Any CPU
		{1EA1B4C4-264C-42EC-A7E9-1B2C8D74016A}.Release|iPhoneSimulator.ActiveCfg = Release|Any CPU
		{1EA1B4C4-264C-42EC-A7E9-1B2C8D74016A}.Release|iPhoneSimulator.Build.0 = Release|Any CPU
		{7B328DDC-4013-4176-9954-3F410251EC88}.Ad-Hoc|Any CPU.ActiveCfg = Production|Any CPU
		{7B328DDC-4013-4176-9954-3F410251EC88}.Ad-Hoc|Any CPU.Build.0 = Production|Any CPU
		{7B328DDC-4013-4176-9954-3F410251EC88}.Ad-Hoc|iPhone.ActiveCfg = Production|Any CPU
		{7B328DDC-4013-4176-9954-3F410251EC88}.Ad-Hoc|iPhone.Build.0 = Production|Any CPU
		{7B328DDC-4013-4176-9954-3F410251EC88}.Ad-Hoc|iPhoneSimulator.ActiveCfg = Production|Any CPU
		{7B328DDC-4013-4176-9954-3F410251EC88}.Ad-Hoc|iPhoneSimulator.Build.0 = Production|Any CPU
		{7B328DDC-4013-4176-9954-3F410251EC88}.AppStore|Any CPU.ActiveCfg = Production|Any CPU
		{7B328DDC-4013-4176-9954-3F410251EC88}.AppStore|Any CPU.Build.0 = Production|Any CPU
		{7B328DDC-4013-4176-9954-3F410251EC88}.AppStore|iPhone.ActiveCfg = Production|Any CPU
		{7B328DDC-4013-4176-9954-3F410251EC88}.AppStore|iPhone.Build.0 = Production|Any CPU
		{7B328DDC-4013-4176-9954-3F410251EC88}.AppStore|iPhoneSimulator.ActiveCfg = Production|Any CPU
		{7B328DDC-4013-4176-9954-3F410251EC88}.AppStore|iPhoneSimulator.Build.0 = Production|Any CPU
		{7B328DDC-4013-4176-9954-3F410251EC88}.Debug|Any CPU.ActiveCfg = Debug|Any CPU
		{7B328DDC-4013-4176-9954-3F410251EC88}.Debug|Any CPU.Build.0 = Debug|Any CPU
		{7B328DDC-4013-4176-9954-3F410251EC88}.Debug|iPhone.ActiveCfg = Debug|Any CPU
		{7B328DDC-4013-4176-9954-3F410251EC88}.Debug|iPhone.Build.0 = Debug|Any CPU
		{7B328DDC-4013-4176-9954-3F410251EC88}.Debug|iPhoneSimulator.ActiveCfg = Debug|Any CPU
		{7B328DDC-4013-4176-9954-3F410251EC88}.Debug|iPhoneSimulator.Build.0 = Debug|Any CPU
		{7B328DDC-4013-4176-9954-3F410251EC88}.Develop|Any CPU.ActiveCfg = Debug|Any CPU
		{7B328DDC-4013-4176-9954-3F410251EC88}.Develop|Any CPU.Build.0 = Debug|Any CPU
		{7B328DDC-4013-4176-9954-3F410251EC88}.Develop|iPhone.ActiveCfg = Debug|Any CPU
		{7B328DDC-4013-4176-9954-3F410251EC88}.Develop|iPhone.Build.0 = Debug|Any CPU
		{7B328DDC-4013-4176-9954-3F410251EC88}.Develop|iPhoneSimulator.ActiveCfg = Debug|Any CPU
		{7B328DDC-4013-4176-9954-3F410251EC88}.Develop|iPhoneSimulator.Build.0 = Debug|Any CPU
		{7B328DDC-4013-4176-9954-3F410251EC88}.Release|Any CPU.ActiveCfg = Release|Any CPU
		{7B328DDC-4013-4176-9954-3F410251EC88}.Release|Any CPU.Build.0 = Release|Any CPU
		{7B328DDC-4013-4176-9954-3F410251EC88}.Release|iPhone.ActiveCfg = Release|Any CPU
		{7B328DDC-4013-4176-9954-3F410251EC88}.Release|iPhone.Build.0 = Release|Any CPU
		{7B328DDC-4013-4176-9954-3F410251EC88}.Release|iPhoneSimulator.ActiveCfg = Release|Any CPU
		{7B328DDC-4013-4176-9954-3F410251EC88}.Release|iPhoneSimulator.Build.0 = Release|Any CPU
		{13ECC31D-6AE2-42AA-AED9-655A1031C6F0}.Ad-Hoc|Any CPU.ActiveCfg = Develop|Any CPU
		{13ECC31D-6AE2-42AA-AED9-655A1031C6F0}.Ad-Hoc|Any CPU.Build.0 = Develop|Any CPU
		{13ECC31D-6AE2-42AA-AED9-655A1031C6F0}.Ad-Hoc|iPhone.ActiveCfg = Develop|Any CPU
		{13ECC31D-6AE2-42AA-AED9-655A1031C6F0}.Ad-Hoc|iPhone.Build.0 = Develop|Any CPU
		{13ECC31D-6AE2-42AA-AED9-655A1031C6F0}.Ad-Hoc|iPhoneSimulator.ActiveCfg = Develop|Any CPU
		{13ECC31D-6AE2-42AA-AED9-655A1031C6F0}.Ad-Hoc|iPhoneSimulator.Build.0 = Develop|Any CPU
		{13ECC31D-6AE2-42AA-AED9-655A1031C6F0}.AppStore|Any CPU.ActiveCfg = Develop|Any CPU
		{13ECC31D-6AE2-42AA-AED9-655A1031C6F0}.AppStore|Any CPU.Build.0 = Develop|Any CPU
		{13ECC31D-6AE2-42AA-AED9-655A1031C6F0}.AppStore|iPhone.ActiveCfg = Develop|Any CPU
		{13ECC31D-6AE2-42AA-AED9-655A1031C6F0}.AppStore|iPhone.Build.0 = Develop|Any CPU
		{13ECC31D-6AE2-42AA-AED9-655A1031C6F0}.AppStore|iPhoneSimulator.ActiveCfg = Develop|Any CPU
		{13ECC31D-6AE2-42AA-AED9-655A1031C6F0}.AppStore|iPhoneSimulator.Build.0 = Develop|Any CPU
		{13ECC31D-6AE2-42AA-AED9-655A1031C6F0}.Debug|Any CPU.ActiveCfg = Debug|Any CPU
		{13ECC31D-6AE2-42AA-AED9-655A1031C6F0}.Debug|Any CPU.Build.0 = Debug|Any CPU
		{13ECC31D-6AE2-42AA-AED9-655A1031C6F0}.Debug|iPhone.ActiveCfg = Debug|Any CPU
		{13ECC31D-6AE2-42AA-AED9-655A1031C6F0}.Debug|iPhone.Build.0 = Debug|Any CPU
		{13ECC31D-6AE2-42AA-AED9-655A1031C6F0}.Debug|iPhoneSimulator.ActiveCfg = Debug|Any CPU
		{13ECC31D-6AE2-42AA-AED9-655A1031C6F0}.Debug|iPhoneSimulator.Build.0 = Debug|Any CPU
		{13ECC31D-6AE2-42AA-AED9-655A1031C6F0}.Develop|Any CPU.ActiveCfg = Develop|Any CPU
		{13ECC31D-6AE2-42AA-AED9-655A1031C6F0}.Develop|Any CPU.Build.0 = Develop|Any CPU
		{13ECC31D-6AE2-42AA-AED9-655A1031C6F0}.Develop|iPhone.ActiveCfg = Develop|Any CPU
		{13ECC31D-6AE2-42AA-AED9-655A1031C6F0}.Develop|iPhone.Build.0 = Develop|Any CPU
		{13ECC31D-6AE2-42AA-AED9-655A1031C6F0}.Develop|iPhoneSimulator.ActiveCfg = Develop|Any CPU
		{13ECC31D-6AE2-42AA-AED9-655A1031C6F0}.Develop|iPhoneSimulator.Build.0 = Develop|Any CPU
		{13ECC31D-6AE2-42AA-AED9-655A1031C6F0}.Release|Any CPU.ActiveCfg = Release|Any CPU
		{13ECC31D-6AE2-42AA-AED9-655A1031C6F0}.Release|Any CPU.Build.0 = Release|Any CPU
		{13ECC31D-6AE2-42AA-AED9-655A1031C6F0}.Release|iPhone.ActiveCfg = Release|Any CPU
		{13ECC31D-6AE2-42AA-AED9-655A1031C6F0}.Release|iPhone.Build.0 = Release|Any CPU
		{13ECC31D-6AE2-42AA-AED9-655A1031C6F0}.Release|iPhoneSimulator.ActiveCfg = Release|Any CPU
		{13ECC31D-6AE2-42AA-AED9-655A1031C6F0}.Release|iPhoneSimulator.Build.0 = Release|Any CPU
		{C9F41C24-87F7-4A6B-A732-7958A1F8F822}.Ad-Hoc|Any CPU.ActiveCfg = Develop|Any CPU
		{C9F41C24-87F7-4A6B-A732-7958A1F8F822}.Ad-Hoc|Any CPU.Build.0 = Develop|Any CPU
		{C9F41C24-87F7-4A6B-A732-7958A1F8F822}.Ad-Hoc|iPhone.ActiveCfg = Develop|Any CPU
		{C9F41C24-87F7-4A6B-A732-7958A1F8F822}.Ad-Hoc|iPhone.Build.0 = Develop|Any CPU
		{C9F41C24-87F7-4A6B-A732-7958A1F8F822}.Ad-Hoc|iPhoneSimulator.ActiveCfg = Develop|Any CPU
		{C9F41C24-87F7-4A6B-A732-7958A1F8F822}.Ad-Hoc|iPhoneSimulator.Build.0 = Develop|Any CPU
		{C9F41C24-87F7-4A6B-A732-7958A1F8F822}.AppStore|Any CPU.ActiveCfg = Develop|Any CPU
		{C9F41C24-87F7-4A6B-A732-7958A1F8F822}.AppStore|Any CPU.Build.0 = Develop|Any CPU
		{C9F41C24-87F7-4A6B-A732-7958A1F8F822}.AppStore|iPhone.ActiveCfg = Develop|Any CPU
		{C9F41C24-87F7-4A6B-A732-7958A1F8F822}.AppStore|iPhone.Build.0 = Develop|Any CPU
		{C9F41C24-87F7-4A6B-A732-7958A1F8F822}.AppStore|iPhoneSimulator.ActiveCfg = Develop|Any CPU
		{C9F41C24-87F7-4A6B-A732-7958A1F8F822}.AppStore|iPhoneSimulator.Build.0 = Develop|Any CPU
		{C9F41C24-87F7-4A6B-A732-7958A1F8F822}.Debug|Any CPU.ActiveCfg = Debug|Any CPU
		{C9F41C24-87F7-4A6B-A732-7958A1F8F822}.Debug|Any CPU.Build.0 = Debug|Any CPU
		{C9F41C24-87F7-4A6B-A732-7958A1F8F822}.Debug|iPhone.ActiveCfg = Debug|Any CPU
		{C9F41C24-87F7-4A6B-A732-7958A1F8F822}.Debug|iPhone.Build.0 = Debug|Any CPU
		{C9F41C24-87F7-4A6B-A732-7958A1F8F822}.Debug|iPhoneSimulator.ActiveCfg = Debug|Any CPU
		{C9F41C24-87F7-4A6B-A732-7958A1F8F822}.Debug|iPhoneSimulator.Build.0 = Debug|Any CPU
		{C9F41C24-87F7-4A6B-A732-7958A1F8F822}.Develop|Any CPU.ActiveCfg = Develop|Any CPU
		{C9F41C24-87F7-4A6B-A732-7958A1F8F822}.Develop|Any CPU.Build.0 = Develop|Any CPU
		{C9F41C24-87F7-4A6B-A732-7958A1F8F822}.Develop|iPhone.ActiveCfg = Develop|Any CPU
		{C9F41C24-87F7-4A6B-A732-7958A1F8F822}.Develop|iPhone.Build.0 = Develop|Any CPU
		{C9F41C24-87F7-4A6B-A732-7958A1F8F822}.Develop|iPhoneSimulator.ActiveCfg = Develop|Any CPU
		{C9F41C24-87F7-4A6B-A732-7958A1F8F822}.Develop|iPhoneSimulator.Build.0 = Develop|Any CPU
		{C9F41C24-87F7-4A6B-A732-7958A1F8F822}.Release|Any CPU.ActiveCfg = Release|Any CPU
		{C9F41C24-87F7-4A6B-A732-7958A1F8F822}.Release|Any CPU.Build.0 = Release|Any CPU
		{C9F41C24-87F7-4A6B-A732-7958A1F8F822}.Release|iPhone.ActiveCfg = Release|Any CPU
		{C9F41C24-87F7-4A6B-A732-7958A1F8F822}.Release|iPhone.Build.0 = Release|Any CPU
		{C9F41C24-87F7-4A6B-A732-7958A1F8F822}.Release|iPhoneSimulator.ActiveCfg = Release|Any CPU
		{C9F41C24-87F7-4A6B-A732-7958A1F8F822}.Release|iPhoneSimulator.Build.0 = Release|Any CPU
		{D02C67B5-D12B-477A-84F3-67AC4438D945}.Ad-Hoc|Any CPU.ActiveCfg = Develop|Any CPU
		{D02C67B5-D12B-477A-84F3-67AC4438D945}.Ad-Hoc|Any CPU.Build.0 = Develop|Any CPU
		{D02C67B5-D12B-477A-84F3-67AC4438D945}.Ad-Hoc|iPhone.ActiveCfg = Develop|Any CPU
		{D02C67B5-D12B-477A-84F3-67AC4438D945}.Ad-Hoc|iPhone.Build.0 = Develop|Any CPU
		{D02C67B5-D12B-477A-84F3-67AC4438D945}.Ad-Hoc|iPhoneSimulator.ActiveCfg = Develop|Any CPU
		{D02C67B5-D12B-477A-84F3-67AC4438D945}.Ad-Hoc|iPhoneSimulator.Build.0 = Develop|Any CPU
		{D02C67B5-D12B-477A-84F3-67AC4438D945}.AppStore|Any CPU.ActiveCfg = Develop|Any CPU
		{D02C67B5-D12B-477A-84F3-67AC4438D945}.AppStore|Any CPU.Build.0 = Develop|Any CPU
		{D02C67B5-D12B-477A-84F3-67AC4438D945}.AppStore|iPhone.ActiveCfg = Develop|Any CPU
		{D02C67B5-D12B-477A-84F3-67AC4438D945}.AppStore|iPhone.Build.0 = Develop|Any CPU
		{D02C67B5-D12B-477A-84F3-67AC4438D945}.AppStore|iPhoneSimulator.ActiveCfg = Develop|Any CPU
		{D02C67B5-D12B-477A-84F3-67AC4438D945}.AppStore|iPhoneSimulator.Build.0 = Develop|Any CPU
		{D02C67B5-D12B-477A-84F3-67AC4438D945}.Debug|Any CPU.ActiveCfg = Debug|Any CPU
		{D02C67B5-D12B-477A-84F3-67AC4438D945}.Debug|Any CPU.Build.0 = Debug|Any CPU
		{D02C67B5-D12B-477A-84F3-67AC4438D945}.Debug|iPhone.ActiveCfg = Debug|Any CPU
		{D02C67B5-D12B-477A-84F3-67AC4438D945}.Debug|iPhone.Build.0 = Debug|Any CPU
		{D02C67B5-D12B-477A-84F3-67AC4438D945}.Debug|iPhoneSimulator.ActiveCfg = Debug|Any CPU
		{D02C67B5-D12B-477A-84F3-67AC4438D945}.Debug|iPhoneSimulator.Build.0 = Debug|Any CPU
		{D02C67B5-D12B-477A-84F3-67AC4438D945}.Develop|Any CPU.ActiveCfg = Develop|Any CPU
		{D02C67B5-D12B-477A-84F3-67AC4438D945}.Develop|Any CPU.Build.0 = Develop|Any CPU
		{D02C67B5-D12B-477A-84F3-67AC4438D945}.Develop|iPhone.ActiveCfg = Develop|Any CPU
		{D02C67B5-D12B-477A-84F3-67AC4438D945}.Develop|iPhone.Build.0 = Develop|Any CPU
		{D02C67B5-D12B-477A-84F3-67AC4438D945}.Develop|iPhoneSimulator.ActiveCfg = Develop|Any CPU
		{D02C67B5-D12B-477A-84F3-67AC4438D945}.Develop|iPhoneSimulator.Build.0 = Develop|Any CPU
		{D02C67B5-D12B-477A-84F3-67AC4438D945}.Release|Any CPU.ActiveCfg = Release|Any CPU
		{D02C67B5-D12B-477A-84F3-67AC4438D945}.Release|Any CPU.Build.0 = Release|Any CPU
		{D02C67B5-D12B-477A-84F3-67AC4438D945}.Release|iPhone.ActiveCfg = Release|Any CPU
		{D02C67B5-D12B-477A-84F3-67AC4438D945}.Release|iPhone.Build.0 = Release|Any CPU
		{D02C67B5-D12B-477A-84F3-67AC4438D945}.Release|iPhoneSimulator.ActiveCfg = Release|Any CPU
		{D02C67B5-D12B-477A-84F3-67AC4438D945}.Release|iPhoneSimulator.Build.0 = Release|Any CPU
		{E07D3348-1F73-456F-BAE4-B106DE10BFDE}.Ad-Hoc|Any CPU.ActiveCfg = Develop|Any CPU
		{E07D3348-1F73-456F-BAE4-B106DE10BFDE}.Ad-Hoc|Any CPU.Build.0 = Develop|Any CPU
		{E07D3348-1F73-456F-BAE4-B106DE10BFDE}.Ad-Hoc|iPhone.ActiveCfg = Develop|Any CPU
		{E07D3348-1F73-456F-BAE4-B106DE10BFDE}.Ad-Hoc|iPhone.Build.0 = Develop|Any CPU
		{E07D3348-1F73-456F-BAE4-B106DE10BFDE}.Ad-Hoc|iPhoneSimulator.ActiveCfg = Develop|Any CPU
		{E07D3348-1F73-456F-BAE4-B106DE10BFDE}.Ad-Hoc|iPhoneSimulator.Build.0 = Develop|Any CPU
		{E07D3348-1F73-456F-BAE4-B106DE10BFDE}.AppStore|Any CPU.ActiveCfg = Develop|Any CPU
		{E07D3348-1F73-456F-BAE4-B106DE10BFDE}.AppStore|Any CPU.Build.0 = Develop|Any CPU
		{E07D3348-1F73-456F-BAE4-B106DE10BFDE}.AppStore|iPhone.ActiveCfg = Develop|Any CPU
		{E07D3348-1F73-456F-BAE4-B106DE10BFDE}.AppStore|iPhone.Build.0 = Develop|Any CPU
		{E07D3348-1F73-456F-BAE4-B106DE10BFDE}.AppStore|iPhoneSimulator.ActiveCfg = Develop|Any CPU
		{E07D3348-1F73-456F-BAE4-B106DE10BFDE}.AppStore|iPhoneSimulator.Build.0 = Develop|Any CPU
		{E07D3348-1F73-456F-BAE4-B106DE10BFDE}.Debug|Any CPU.ActiveCfg = Debug|Any CPU
		{E07D3348-1F73-456F-BAE4-B106DE10BFDE}.Debug|Any CPU.Build.0 = Debug|Any CPU
		{E07D3348-1F73-456F-BAE4-B106DE10BFDE}.Debug|iPhone.ActiveCfg = Debug|Any CPU
		{E07D3348-1F73-456F-BAE4-B106DE10BFDE}.Debug|iPhone.Build.0 = Debug|Any CPU
		{E07D3348-1F73-456F-BAE4-B106DE10BFDE}.Debug|iPhoneSimulator.ActiveCfg = Debug|Any CPU
		{E07D3348-1F73-456F-BAE4-B106DE10BFDE}.Debug|iPhoneSimulator.Build.0 = Debug|Any CPU
		{E07D3348-1F73-456F-BAE4-B106DE10BFDE}.Develop|Any CPU.ActiveCfg = Develop|Any CPU
		{E07D3348-1F73-456F-BAE4-B106DE10BFDE}.Develop|Any CPU.Build.0 = Develop|Any CPU
		{E07D3348-1F73-456F-BAE4-B106DE10BFDE}.Develop|iPhone.ActiveCfg = Develop|Any CPU
		{E07D3348-1F73-456F-BAE4-B106DE10BFDE}.Develop|iPhone.Build.0 = Develop|Any CPU
		{E07D3348-1F73-456F-BAE4-B106DE10BFDE}.Develop|iPhoneSimulator.ActiveCfg = Develop|Any CPU
		{E07D3348-1F73-456F-BAE4-B106DE10BFDE}.Develop|iPhoneSimulator.Build.0 = Develop|Any CPU
		{E07D3348-1F73-456F-BAE4-B106DE10BFDE}.Release|Any CPU.ActiveCfg = Release|Any CPU
		{E07D3348-1F73-456F-BAE4-B106DE10BFDE}.Release|Any CPU.Build.0 = Release|Any CPU
		{E07D3348-1F73-456F-BAE4-B106DE10BFDE}.Release|iPhone.ActiveCfg = Release|Any CPU
		{E07D3348-1F73-456F-BAE4-B106DE10BFDE}.Release|iPhone.Build.0 = Release|Any CPU
		{E07D3348-1F73-456F-BAE4-B106DE10BFDE}.Release|iPhoneSimulator.ActiveCfg = Release|Any CPU
		{E07D3348-1F73-456F-BAE4-B106DE10BFDE}.Release|iPhoneSimulator.Build.0 = Release|Any CPU
		{CC5F9C4D-19B0-489F-8B72-E90DA017B4C0}.Ad-Hoc|Any CPU.ActiveCfg = Develop|Any CPU
		{CC5F9C4D-19B0-489F-8B72-E90DA017B4C0}.Ad-Hoc|Any CPU.Build.0 = Develop|Any CPU
		{CC5F9C4D-19B0-489F-8B72-E90DA017B4C0}.Ad-Hoc|iPhone.ActiveCfg = Develop|Any CPU
		{CC5F9C4D-19B0-489F-8B72-E90DA017B4C0}.Ad-Hoc|iPhone.Build.0 = Develop|Any CPU
		{CC5F9C4D-19B0-489F-8B72-E90DA017B4C0}.Ad-Hoc|iPhoneSimulator.ActiveCfg = Develop|Any CPU
		{CC5F9C4D-19B0-489F-8B72-E90DA017B4C0}.Ad-Hoc|iPhoneSimulator.Build.0 = Develop|Any CPU
		{CC5F9C4D-19B0-489F-8B72-E90DA017B4C0}.AppStore|Any CPU.ActiveCfg = Develop|Any CPU
		{CC5F9C4D-19B0-489F-8B72-E90DA017B4C0}.AppStore|Any CPU.Build.0 = Develop|Any CPU
		{CC5F9C4D-19B0-489F-8B72-E90DA017B4C0}.AppStore|iPhone.ActiveCfg = Develop|Any CPU
		{CC5F9C4D-19B0-489F-8B72-E90DA017B4C0}.AppStore|iPhone.Build.0 = Develop|Any CPU
		{CC5F9C4D-19B0-489F-8B72-E90DA017B4C0}.AppStore|iPhoneSimulator.ActiveCfg = Develop|Any CPU
		{CC5F9C4D-19B0-489F-8B72-E90DA017B4C0}.AppStore|iPhoneSimulator.Build.0 = Develop|Any CPU
		{CC5F9C4D-19B0-489F-8B72-E90DA017B4C0}.Debug|Any CPU.ActiveCfg = Debug|Any CPU
		{CC5F9C4D-19B0-489F-8B72-E90DA017B4C0}.Debug|Any CPU.Build.0 = Debug|Any CPU
		{CC5F9C4D-19B0-489F-8B72-E90DA017B4C0}.Debug|iPhone.ActiveCfg = Debug|Any CPU
		{CC5F9C4D-19B0-489F-8B72-E90DA017B4C0}.Debug|iPhone.Build.0 = Debug|Any CPU
		{CC5F9C4D-19B0-489F-8B72-E90DA017B4C0}.Debug|iPhoneSimulator.ActiveCfg = Debug|Any CPU
		{CC5F9C4D-19B0-489F-8B72-E90DA017B4C0}.Debug|iPhoneSimulator.Build.0 = Debug|Any CPU
		{CC5F9C4D-19B0-489F-8B72-E90DA017B4C0}.Develop|Any CPU.ActiveCfg = Develop|Any CPU
		{CC5F9C4D-19B0-489F-8B72-E90DA017B4C0}.Develop|Any CPU.Build.0 = Develop|Any CPU
		{CC5F9C4D-19B0-489F-8B72-E90DA017B4C0}.Develop|iPhone.ActiveCfg = Develop|Any CPU
		{CC5F9C4D-19B0-489F-8B72-E90DA017B4C0}.Develop|iPhone.Build.0 = Develop|Any CPU
		{CC5F9C4D-19B0-489F-8B72-E90DA017B4C0}.Develop|iPhoneSimulator.ActiveCfg = Develop|Any CPU
		{CC5F9C4D-19B0-489F-8B72-E90DA017B4C0}.Develop|iPhoneSimulator.Build.0 = Develop|Any CPU
		{CC5F9C4D-19B0-489F-8B72-E90DA017B4C0}.Release|Any CPU.ActiveCfg = Release|Any CPU
		{CC5F9C4D-19B0-489F-8B72-E90DA017B4C0}.Release|Any CPU.Build.0 = Release|Any CPU
		{CC5F9C4D-19B0-489F-8B72-E90DA017B4C0}.Release|iPhone.ActiveCfg = Release|Any CPU
		{CC5F9C4D-19B0-489F-8B72-E90DA017B4C0}.Release|iPhone.Build.0 = Release|Any CPU
		{CC5F9C4D-19B0-489F-8B72-E90DA017B4C0}.Release|iPhoneSimulator.ActiveCfg = Release|Any CPU
		{CC5F9C4D-19B0-489F-8B72-E90DA017B4C0}.Release|iPhoneSimulator.Build.0 = Release|Any CPU
	EndGlobalSection
	GlobalSection(SolutionProperties) = preSolution
		HideSolutionNode = FALSE
	EndGlobalSection
	GlobalSection(NestedProjects) = preSolution
		{7B328DDC-4013-4176-9954-3F410251EC88} = {F22B249F-A359-4704-9397-21C8EF446807}
		{13ECC31D-6AE2-42AA-AED9-655A1031C6F0} = {F22B249F-A359-4704-9397-21C8EF446807}
		{C9F41C24-87F7-4A6B-A732-7958A1F8F822} = {F22B249F-A359-4704-9397-21C8EF446807}
		{D02C67B5-D12B-477A-84F3-67AC4438D945} = {F22B249F-A359-4704-9397-21C8EF446807}
		{E07D3348-1F73-456F-BAE4-B106DE10BFDE} = {F22B249F-A359-4704-9397-21C8EF446807}
		{CC5F9C4D-19B0-489F-8B72-E90DA017B4C0} = {F22B249F-A359-4704-9397-21C8EF446807}
	EndGlobalSection
	GlobalSection(ExtensibilityGlobals) = postSolution
		SolutionGuid = {C31C8710-780E-4FA6-BF51-60F46D8D6A09}
	EndGlobalSection
EndGlobal
